// !$*UTF8*$!
{
	archiveVersion = 1;
	classes = {
	};
	objectVersion = 50;
	objects = {

/* Begin PBXBuildFile section */
		3FAA8A9420BC0FD1006443FA /* AppDelegate.swift in Sources */ = {isa = PBXBuildFile; fileRef = 3FAA8A9320BC0FD1006443FA /* AppDelegate.swift */; };
		3FAA8A9B20BC0FD1006443FA /* Main.storyboard in Resources */ = {isa = PBXBuildFile; fileRef = 3FAA8A9920BC0FD1006443FA /* Main.storyboard */; };
		3FAA8AA020BC0FD2006443FA /* LaunchScreen.storyboard in Resources */ = {isa = PBXBuildFile; fileRef = 3FAA8A9E20BC0FD2006443FA /* LaunchScreen.storyboard */; };
		8C0C5DEB20C17469004CBB13 /* MapViewController.swift in Sources */ = {isa = PBXBuildFile; fileRef = 8C0C5DEA20C17469004CBB13 /* MapViewController.swift */; };
		8C0C5DED20C17499004CBB13 /* restaurantAnnotation.swift in Sources */ = {isa = PBXBuildFile; fileRef = 8C0C5DEC20C17499004CBB13 /* restaurantAnnotation.swift */; };
		8C0C5DF320C188E8004CBB13 /* selectView.swift in Sources */ = {isa = PBXBuildFile; fileRef = 8C0C5DF220C188E8004CBB13 /* selectView.swift */; };
		8C2F4DEC20CAC36B007A752A /* Restaurant.swift in Sources */ = {isa = PBXBuildFile; fileRef = 8C2F4DE420CAC36A007A752A /* Restaurant.swift */; };
		8C2F4DED20CAC36B007A752A /* Restaurants.txt in Resources */ = {isa = PBXBuildFile; fileRef = 8C2F4DE520CAC36A007A752A /* Restaurants.txt */; };
		8C2F4DEE20CAC36B007A752A /* Contacts.txt in Resources */ = {isa = PBXBuildFile; fileRef = 8C2F4DE620CAC36A007A752A /* Contacts.txt */; };
		8C2F4DEF20CAC36B007A752A /* database.xcdatamodeld in Sources */ = {isa = PBXBuildFile; fileRef = 8C2F4DE720CAC36A007A752A /* database.xcdatamodeld */; };
		8C2F4DF020CAC36B007A752A /* table.swift in Sources */ = {isa = PBXBuildFile; fileRef = 8C2F4DE920CAC36A007A752A /* table.swift */; };
		8C2F4DF120CAC36B007A752A /* Tags.txt in Resources */ = {isa = PBXBuildFile; fileRef = 8C2F4DEA20CAC36A007A752A /* Tags.txt */; };
		8C2F4DF220CAC36B007A752A /* Opentime.txt in Resources */ = {isa = PBXBuildFile; fileRef = 8C2F4DEB20CAC36B007A752A /* Opentime.txt */; };
		8C2F4DFB20CAC378007A752A /* Restaurants+CoreDataClass.swift in Sources */ = {isa = PBXBuildFile; fileRef = 8C2F4DF320CAC378007A752A /* Restaurants+CoreDataClass.swift */; };
		8C2F4DFC20CAC378007A752A /* Contacts+CoreDataClass.swift in Sources */ = {isa = PBXBuildFile; fileRef = 8C2F4DF420CAC378007A752A /* Contacts+CoreDataClass.swift */; };
		8C2F4DFD20CAC378007A752A /* Opentime+CoreDataClass.swift in Sources */ = {isa = PBXBuildFile; fileRef = 8C2F4DF520CAC378007A752A /* Opentime+CoreDataClass.swift */; };
		8C2F4DFE20CAC378007A752A /* Restaurants+CoreDataProperties.swift in Sources */ = {isa = PBXBuildFile; fileRef = 8C2F4DF620CAC378007A752A /* Restaurants+CoreDataProperties.swift */; };
		8C2F4DFF20CAC378007A752A /* Tags+CoreDataClass.swift in Sources */ = {isa = PBXBuildFile; fileRef = 8C2F4DF720CAC378007A752A /* Tags+CoreDataClass.swift */; };
		8C2F4E0020CAC378007A752A /* Contacts+CoreDataProperties.swift in Sources */ = {isa = PBXBuildFile; fileRef = 8C2F4DF820CAC378007A752A /* Contacts+CoreDataProperties.swift */; };
		8C2F4E0120CAC378007A752A /* Tags+CoreDataProperties.swift in Sources */ = {isa = PBXBuildFile; fileRef = 8C2F4DF920CAC378007A752A /* Tags+CoreDataProperties.swift */; };
		8C2F4E0220CAC378007A752A /* Opentime+CoreDataProperties.swift in Sources */ = {isa = PBXBuildFile; fileRef = 8C2F4DFA20CAC378007A752A /* Opentime+CoreDataProperties.swift */; };
		8C2F4E2C20CC10BC007A752A /* RestaurantViewController.swift in Sources */ = {isa = PBXBuildFile; fileRef = 8C2F4E2B20CC10BC007A752A /* RestaurantViewController.swift */; };
		8C400C2820DA62D5009702BF /* HealthHome.swift in Sources */ = {isa = PBXBuildFile; fileRef = 8C400C0E20DA62D3009702BF /* HealthHome.swift */; };
		8C400C2920DA62D5009702BF /* HealthRecordTableViewCell.swift in Sources */ = {isa = PBXBuildFile; fileRef = 8C400C0F20DA62D3009702BF /* HealthRecordTableViewCell.swift */; };
		8C400C2A20DA62D5009702BF /* HealthRecordTableCell.swift in Sources */ = {isa = PBXBuildFile; fileRef = 8C400C1020DA62D4009702BF /* HealthRecordTableCell.swift */; };
		8C400C2B20DA62D5009702BF /* Medicine2.txt in Resources */ = {isa = PBXBuildFile; fileRef = 8C400C1120DA62D4009702BF /* Medicine2.txt */; };
		8C400C2C20DA62D5009702BF /* TestResult.swift in Sources */ = {isa = PBXBuildFile; fileRef = 8C400C1220DA62D4009702BF /* TestResult.swift */; };
		8C400C2D20DA62D5009702BF /* HealthAnalysis.swift in Sources */ = {isa = PBXBuildFile; fileRef = 8C400C1320DA62D4009702BF /* HealthAnalysis.swift */; };
		8C400C2E20DA62D5009702BF /* HealthTest.swift in Sources */ = {isa = PBXBuildFile; fileRef = 8C400C1420DA62D4009702BF /* HealthTest.swift */; };
		8C400C2F20DA62D5009702BF /* HealthAnalysisTableViewCell.swift in Sources */ = {isa = PBXBuildFile; fileRef = 8C400C1520DA62D4009702BF /* HealthAnalysisTableViewCell.swift */; };
		8C400C3020DA62D5009702BF /* Medicine3.txt in Resources */ = {isa = PBXBuildFile; fileRef = 8C400C1620DA62D4009702BF /* Medicine3.txt */; };
		8C400C3120DA62D5009702BF /* Medicine.swift in Sources */ = {isa = PBXBuildFile; fileRef = 8C400C1720DA62D4009702BF /* Medicine.swift */; };
		8C400C3220DA62D5009702BF /* Record.swift in Sources */ = {isa = PBXBuildFile; fileRef = 8C400C1820DA62D4009702BF /* Record.swift */; };
		8C400C3320DA62D5009702BF /* ViewController.swift in Sources */ = {isa = PBXBuildFile; fileRef = 8C400C1920DA62D4009702BF /* ViewController.swift */; };
		8C400C3420DA62D5009702BF /* Medicine1.txt in Resources */ = {isa = PBXBuildFile; fileRef = 8C400C1A20DA62D4009702BF /* Medicine1.txt */; };
		8C400C3520DA62D5009702BF /* Question2.txt in Resources */ = {isa = PBXBuildFile; fileRef = 8C400C1B20DA62D4009702BF /* Question2.txt */; };
		8C400C3620DA62D5009702BF /* userinfo.txt in Resources */ = {isa = PBXBuildFile; fileRef = 8C400C1C20DA62D5009702BF /* userinfo.txt */; };
		8C400C3720DA62D5009702BF /* Health.storyboard in Resources */ = {isa = PBXBuildFile; fileRef = 8C400C1D20DA62D5009702BF /* Health.storyboard */; };
		8C400C3820DA62D5009702BF /* Settings.swift in Sources */ = {isa = PBXBuildFile; fileRef = 8C400C1E20DA62D5009702BF /* Settings.swift */; };
		8C400C3920DA62D5009702BF /* HealthChoose.swift in Sources */ = {isa = PBXBuildFile; fileRef = 8C400C1F20DA62D5009702BF /* HealthChoose.swift */; };
		8C400C3A20DA62D5009702BF /* User.swift in Sources */ = {isa = PBXBuildFile; fileRef = 8C400C2020DA62D5009702BF /* User.swift */; };
		8C400C3B20DA62D5009702BF /* HealthRecord.swift in Sources */ = {isa = PBXBuildFile; fileRef = 8C400C2120DA62D5009702BF /* HealthRecord.swift */; };
		8C400C3C20DA62D5009702BF /* TestResultTableCell.swift in Sources */ = {isa = PBXBuildFile; fileRef = 8C400C2220DA62D5009702BF /* TestResultTableCell.swift */; };
		8C400C3D20DA62D5009702BF /* user.png in Resources */ = {isa = PBXBuildFile; fileRef = 8C400C2320DA62D5009702BF /* user.png */; };
		8C400C3E20DA62D5009702BF /* Question1.txt in Resources */ = {isa = PBXBuildFile; fileRef = 8C400C2420DA62D5009702BF /* Question1.txt */; };
		8C400C3F20DA62D5009702BF /* Record.txt in Resources */ = {isa = PBXBuildFile; fileRef = 8C400C2520DA62D5009702BF /* Record.txt */; };
		8C400C4020DA62D5009702BF /* Question3.txt in Resources */ = {isa = PBXBuildFile; fileRef = 8C400C2620DA62D5009702BF /* Question3.txt */; };
		8C400C4120DA62D5009702BF /* HealthSettingsTableViewCell.swift in Sources */ = {isa = PBXBuildFile; fileRef = 8C400C2720DA62D5009702BF /* HealthSettingsTableViewCell.swift */; };
		8C400C4720DA6336009702BF /* MusicViewController.swift in Sources */ = {isa = PBXBuildFile; fileRef = 8C400C4320DA6335009702BF /* MusicViewController.swift */; };
		8C400C4820DA6336009702BF /* Music.storyboard in Resources */ = {isa = PBXBuildFile; fileRef = 8C400C4420DA6335009702BF /* Music.storyboard */; };
		8C400C4920DA6336009702BF /* MusicPlayerClass.swift in Sources */ = {isa = PBXBuildFile; fileRef = 8C400C4520DA6335009702BF /* MusicPlayerClass.swift */; };
		8C400C4A20DA6336009702BF /* musicPlayerController.swift in Sources */ = {isa = PBXBuildFile; fileRef = 8C400C4620DA6335009702BF /* musicPlayerController.swift */; };
		8C93FEA220D93FED00E9102B /* TepoGameMenu.swift in Sources */ = {isa = PBXBuildFile; fileRef = 8C93FE9520D93FEB00E9102B /* TepoGameMenu.swift */; };
		8C93FEA320D93FED00E9102B /* GuessRecord.swift in Sources */ = {isa = PBXBuildFile; fileRef = 8C93FE9620D93FEB00E9102B /* GuessRecord.swift */; };
		8C93FEA420D93FED00E9102B /* Game.storyboard in Resources */ = {isa = PBXBuildFile; fileRef = 8C93FE9720D93FEC00E9102B /* Game.storyboard */; };
		8C93FEA520D93FED00E9102B /* MusicChoice.swift in Sources */ = {isa = PBXBuildFile; fileRef = 8C93FE9820D93FEC00E9102B /* MusicChoice.swift */; };
		8C93FEA620D93FED00E9102B /* MusicGameOperation.swift in Sources */ = {isa = PBXBuildFile; fileRef = 8C93FE9920D93FEC00E9102B /* MusicGameOperation.swift */; };
		8C93FEA720D93FED00E9102B /* 001.mp3 in Resources */ = {isa = PBXBuildFile; fileRef = 8C93FE9A20D93FEC00E9102B /* 001.mp3 */; };
		8C93FEA820D93FED00E9102B /* 002.mp3 in Resources */ = {isa = PBXBuildFile; fileRef = 8C93FE9B20D93FEC00E9102B /* 002.mp3 */; };
		8C93FEA920D93FED00E9102B /* MusicChoiceController.swift in Sources */ = {isa = PBXBuildFile; fileRef = 8C93FE9C20D93FEC00E9102B /* MusicChoiceController.swift */; };
		8C93FEAA20D93FED00E9102B /* MusicGame.swift in Sources */ = {isa = PBXBuildFile; fileRef = 8C93FE9D20D93FEC00E9102B /* MusicGame.swift */; };
		8C93FEAB20D93FED00E9102B /* 000.mp3 in Resources */ = {isa = PBXBuildFile; fileRef = 8C93FE9E20D93FEC00E9102B /* 000.mp3 */; };
		8C93FEAC20D93FED00E9102B /* GameMenuController.swift in Sources */ = {isa = PBXBuildFile; fileRef = 8C93FE9F20D93FED00E9102B /* GameMenuController.swift */; };
		8C93FEAD20D93FED00E9102B /* GuessGameController.swift in Sources */ = {isa = PBXBuildFile; fileRef = 8C93FEA020D93FED00E9102B /* GuessGameController.swift */; };
		8C93FEAE20D93FED00E9102B /* TempoRecord.swift in Sources */ = {isa = PBXBuildFile; fileRef = 8C93FEA120D93FED00E9102B /* TempoRecord.swift */; };
		8CA5CB9320CD5FB30009E74D /* Assets.xcassets in Resources */ = {isa = PBXBuildFile; fileRef = 8CA5CB9220CD5FB30009E74D /* Assets.xcassets */; };
		8CA5CB9520CD695C0009E74D /* RestaurantDetailViewController.swift in Sources */ = {isa = PBXBuildFile; fileRef = 8CA5CB9420CD695C0009E74D /* RestaurantDetailViewController.swift */; };
		8CA5CC2020CD9D0B0009E74D /* History.swift in Sources */ = {isa = PBXBuildFile; fileRef = 8CA5CC1720CD9D0A0009E74D /* History.swift */; };
		8CA5CC2120CD9D0B0009E74D /* JokeType.swift in Sources */ = {isa = PBXBuildFile; fileRef = 8CA5CC1820CD9D0A0009E74D /* JokeType.swift */; };
		8CA5CC2220CD9D0B0009E74D /* QA.swift in Sources */ = {isa = PBXBuildFile; fileRef = 8CA5CC1920CD9D0A0009E74D /* QA.swift */; };
		8CA5CC2320CD9D0B0009E74D /* Joke.storyboard in Resources */ = {isa = PBXBuildFile; fileRef = 8CA5CC1A20CD9D0A0009E74D /* Joke.storyboard */; };
		8CA5CC2420CD9D0B0009E74D /* Joke.swift in Sources */ = {isa = PBXBuildFile; fileRef = 8CA5CC1B20CD9D0A0009E74D /* Joke.swift */; };
		8CA5CC2520CD9D0B0009E74D /* JokeViewController.swift in Sources */ = {isa = PBXBuildFile; fileRef = 8CA5CC1C20CD9D0A0009E74D /* JokeViewController.swift */; };
		8CA5CC2620CD9D0B0009E74D /* myFavorite.swift in Sources */ = {isa = PBXBuildFile; fileRef = 8CA5CC1D20CD9D0B0009E74D /* myFavorite.swift */; };
		8CA5CC2720CD9D0B0009E74D /* Edit.swift in Sources */ = {isa = PBXBuildFile; fileRef = 8CA5CC1E20CD9D0B0009E74D /* Edit.swift */; };
		8CA5CC2820CD9D0B0009E74D /* JokeTest.swift in Sources */ = {isa = PBXBuildFile; fileRef = 8CA5CC1F20CD9D0B0009E74D /* JokeTest.swift */; };
		8CAC508D20C6CE0100DE17E5 /* Map.storyboard in Resources */ = {isa = PBXBuildFile; fileRef = 8CAC508C20C6CE0100DE17E5 /* Map.storyboard */; };
/* End PBXBuildFile section */

/* Begin PBXFileReference section */
		3FAA8A9020BC0FD1006443FA /* LifeApp.app */ = {isa = PBXFileReference; explicitFileType = wrapper.application; includeInIndex = 0; path = LifeApp.app; sourceTree = BUILT_PRODUCTS_DIR; };
		3FAA8A9320BC0FD1006443FA /* AppDelegate.swift */ = {isa = PBXFileReference; lastKnownFileType = sourcecode.swift; path = AppDelegate.swift; sourceTree = "<group>"; };
		3FAA8A9A20BC0FD1006443FA /* Base */ = {isa = PBXFileReference; lastKnownFileType = file.storyboard; name = Base; path = Base.lproj/Main.storyboard; sourceTree = "<group>"; };
		3FAA8A9F20BC0FD2006443FA /* Base */ = {isa = PBXFileReference; lastKnownFileType = file.storyboard; name = Base; path = Base.lproj/LaunchScreen.storyboard; sourceTree = "<group>"; };
		3FAA8AA120BC0FD2006443FA /* Info.plist */ = {isa = PBXFileReference; lastKnownFileType = text.plist.xml; path = Info.plist; sourceTree = "<group>"; };
		8C0C5DEA20C17469004CBB13 /* MapViewController.swift */ = {isa = PBXFileReference; fileEncoding = 4; lastKnownFileType = sourcecode.swift; path = MapViewController.swift; sourceTree = "<group>"; };
		8C0C5DEC20C17499004CBB13 /* restaurantAnnotation.swift */ = {isa = PBXFileReference; fileEncoding = 4; lastKnownFileType = sourcecode.swift; path = restaurantAnnotation.swift; sourceTree = "<group>"; };
		8C0C5DF220C188E8004CBB13 /* selectView.swift */ = {isa = PBXFileReference; fileEncoding = 4; lastKnownFileType = sourcecode.swift; path = selectView.swift; sourceTree = "<group>"; };
		8C2F4DE420CAC36A007A752A /* Restaurant.swift */ = {isa = PBXFileReference; fileEncoding = 4; lastKnownFileType = sourcecode.swift; path = Restaurant.swift; sourceTree = "<group>"; };
		8C2F4DE520CAC36A007A752A /* Restaurants.txt */ = {isa = PBXFileReference; fileEncoding = 4; lastKnownFileType = text; path = Restaurants.txt; sourceTree = "<group>"; };
		8C2F4DE620CAC36A007A752A /* Contacts.txt */ = {isa = PBXFileReference; fileEncoding = 4; lastKnownFileType = text; path = Contacts.txt; sourceTree = "<group>"; };
		8C2F4DE820CAC36A007A752A /* database.xcdatamodel */ = {isa = PBXFileReference; lastKnownFileType = wrapper.xcdatamodel; path = database.xcdatamodel; sourceTree = "<group>"; };
		8C2F4DE920CAC36A007A752A /* table.swift */ = {isa = PBXFileReference; fileEncoding = 4; lastKnownFileType = sourcecode.swift; path = table.swift; sourceTree = "<group>"; };
		8C2F4DEA20CAC36A007A752A /* Tags.txt */ = {isa = PBXFileReference; fileEncoding = 4; lastKnownFileType = text; path = Tags.txt; sourceTree = "<group>"; };
		8C2F4DEB20CAC36B007A752A /* Opentime.txt */ = {isa = PBXFileReference; fileEncoding = 4; lastKnownFileType = text; path = Opentime.txt; sourceTree = "<group>"; };
		8C2F4DF320CAC378007A752A /* Restaurants+CoreDataClass.swift */ = {isa = PBXFileReference; fileEncoding = 4; lastKnownFileType = sourcecode.swift; path = "Restaurants+CoreDataClass.swift"; sourceTree = "<group>"; };
		8C2F4DF420CAC378007A752A /* Contacts+CoreDataClass.swift */ = {isa = PBXFileReference; fileEncoding = 4; lastKnownFileType = sourcecode.swift; path = "Contacts+CoreDataClass.swift"; sourceTree = "<group>"; };
		8C2F4DF520CAC378007A752A /* Opentime+CoreDataClass.swift */ = {isa = PBXFileReference; fileEncoding = 4; lastKnownFileType = sourcecode.swift; path = "Opentime+CoreDataClass.swift"; sourceTree = "<group>"; };
		8C2F4DF620CAC378007A752A /* Restaurants+CoreDataProperties.swift */ = {isa = PBXFileReference; fileEncoding = 4; lastKnownFileType = sourcecode.swift; path = "Restaurants+CoreDataProperties.swift"; sourceTree = "<group>"; };
		8C2F4DF720CAC378007A752A /* Tags+CoreDataClass.swift */ = {isa = PBXFileReference; fileEncoding = 4; lastKnownFileType = sourcecode.swift; path = "Tags+CoreDataClass.swift"; sourceTree = "<group>"; };
		8C2F4DF820CAC378007A752A /* Contacts+CoreDataProperties.swift */ = {isa = PBXFileReference; fileEncoding = 4; lastKnownFileType = sourcecode.swift; path = "Contacts+CoreDataProperties.swift"; sourceTree = "<group>"; };
		8C2F4DF920CAC378007A752A /* Tags+CoreDataProperties.swift */ = {isa = PBXFileReference; fileEncoding = 4; lastKnownFileType = sourcecode.swift; path = "Tags+CoreDataProperties.swift"; sourceTree = "<group>"; };
		8C2F4DFA20CAC378007A752A /* Opentime+CoreDataProperties.swift */ = {isa = PBXFileReference; fileEncoding = 4; lastKnownFileType = sourcecode.swift; path = "Opentime+CoreDataProperties.swift"; sourceTree = "<group>"; };
		8C2F4E2B20CC10BC007A752A /* RestaurantViewController.swift */ = {isa = PBXFileReference; lastKnownFileType = sourcecode.swift; path = RestaurantViewController.swift; sourceTree = "<group>"; };
		8C400C0E20DA62D3009702BF /* HealthHome.swift */ = {isa = PBXFileReference; fileEncoding = 4; lastKnownFileType = sourcecode.swift; path = HealthHome.swift; sourceTree = "<group>"; };
		8C400C0F20DA62D3009702BF /* HealthRecordTableViewCell.swift */ = {isa = PBXFileReference; fileEncoding = 4; lastKnownFileType = sourcecode.swift; path = HealthRecordTableViewCell.swift; sourceTree = "<group>"; };
		8C400C1020DA62D4009702BF /* HealthRecordTableCell.swift */ = {isa = PBXFileReference; fileEncoding = 4; lastKnownFileType = sourcecode.swift; path = HealthRecordTableCell.swift; sourceTree = "<group>"; };
		8C400C1120DA62D4009702BF /* Medicine2.txt */ = {isa = PBXFileReference; fileEncoding = 4; lastKnownFileType = text; path = Medicine2.txt; sourceTree = "<group>"; };
		8C400C1220DA62D4009702BF /* TestResult.swift */ = {isa = PBXFileReference; fileEncoding = 4; lastKnownFileType = sourcecode.swift; path = TestResult.swift; sourceTree = "<group>"; };
		8C400C1320DA62D4009702BF /* HealthAnalysis.swift */ = {isa = PBXFileReference; fileEncoding = 4; lastKnownFileType = sourcecode.swift; path = HealthAnalysis.swift; sourceTree = "<group>"; };
		8C400C1420DA62D4009702BF /* HealthTest.swift */ = {isa = PBXFileReference; fileEncoding = 4; lastKnownFileType = sourcecode.swift; path = HealthTest.swift; sourceTree = "<group>"; };
		8C400C1520DA62D4009702BF /* HealthAnalysisTableViewCell.swift */ = {isa = PBXFileReference; fileEncoding = 4; lastKnownFileType = sourcecode.swift; path = HealthAnalysisTableViewCell.swift; sourceTree = "<group>"; };
		8C400C1620DA62D4009702BF /* Medicine3.txt */ = {isa = PBXFileReference; fileEncoding = 4; lastKnownFileType = text; path = Medicine3.txt; sourceTree = "<group>"; };
		8C400C1720DA62D4009702BF /* Medicine.swift */ = {isa = PBXFileReference; fileEncoding = 4; lastKnownFileType = sourcecode.swift; path = Medicine.swift; sourceTree = "<group>"; };
		8C400C1820DA62D4009702BF /* Record.swift */ = {isa = PBXFileReference; fileEncoding = 4; lastKnownFileType = sourcecode.swift; path = Record.swift; sourceTree = "<group>"; };
		8C400C1920DA62D4009702BF /* ViewController.swift */ = {isa = PBXFileReference; fileEncoding = 4; lastKnownFileType = sourcecode.swift; path = ViewController.swift; sourceTree = "<group>"; };
		8C400C1A20DA62D4009702BF /* Medicine1.txt */ = {isa = PBXFileReference; fileEncoding = 4; lastKnownFileType = text; path = Medicine1.txt; sourceTree = "<group>"; };
		8C400C1B20DA62D4009702BF /* Question2.txt */ = {isa = PBXFileReference; fileEncoding = 4; lastKnownFileType = text; path = Question2.txt; sourceTree = "<group>"; };
		8C400C1C20DA62D5009702BF /* userinfo.txt */ = {isa = PBXFileReference; fileEncoding = 4; lastKnownFileType = text; path = userinfo.txt; sourceTree = "<group>"; };
		8C400C1D20DA62D5009702BF /* Health.storyboard */ = {isa = PBXFileReference; fileEncoding = 4; lastKnownFileType = file.storyboard; path = Health.storyboard; sourceTree = "<group>"; };
		8C400C1E20DA62D5009702BF /* Settings.swift */ = {isa = PBXFileReference; fileEncoding = 4; lastKnownFileType = sourcecode.swift; path = Settings.swift; sourceTree = "<group>"; };
		8C400C1F20DA62D5009702BF /* HealthChoose.swift */ = {isa = PBXFileReference; fileEncoding = 4; lastKnownFileType = sourcecode.swift; path = HealthChoose.swift; sourceTree = "<group>"; };
		8C400C2020DA62D5009702BF /* User.swift */ = {isa = PBXFileReference; fileEncoding = 4; lastKnownFileType = sourcecode.swift; path = User.swift; sourceTree = "<group>"; };
		8C400C2120DA62D5009702BF /* HealthRecord.swift */ = {isa = PBXFileReference; fileEncoding = 4; lastKnownFileType = sourcecode.swift; path = HealthRecord.swift; sourceTree = "<group>"; };
		8C400C2220DA62D5009702BF /* TestResultTableCell.swift */ = {isa = PBXFileReference; fileEncoding = 4; lastKnownFileType = sourcecode.swift; path = TestResultTableCell.swift; sourceTree = "<group>"; };
		8C400C2320DA62D5009702BF /* user.png */ = {isa = PBXFileReference; lastKnownFileType = image.png; path = user.png; sourceTree = "<group>"; };
		8C400C2420DA62D5009702BF /* Question1.txt */ = {isa = PBXFileReference; fileEncoding = 4; lastKnownFileType = text; path = Question1.txt; sourceTree = "<group>"; };
		8C400C2520DA62D5009702BF /* Record.txt */ = {isa = PBXFileReference; fileEncoding = 4; lastKnownFileType = text; path = Record.txt; sourceTree = "<group>"; };
		8C400C2620DA62D5009702BF /* Question3.txt */ = {isa = PBXFileReference; fileEncoding = 4; lastKnownFileType = text; path = Question3.txt; sourceTree = "<group>"; };
		8C400C2720DA62D5009702BF /* HealthSettingsTableViewCell.swift */ = {isa = PBXFileReference; fileEncoding = 4; lastKnownFileType = sourcecode.swift; path = HealthSettingsTableViewCell.swift; sourceTree = "<group>"; };
		8C400C4320DA6335009702BF /* MusicViewController.swift */ = {isa = PBXFileReference; fileEncoding = 4; lastKnownFileType = sourcecode.swift; path = MusicViewController.swift; sourceTree = "<group>"; };
		8C400C4420DA6335009702BF /* Music.storyboard */ = {isa = PBXFileReference; fileEncoding = 4; lastKnownFileType = file.storyboard; path = Music.storyboard; sourceTree = "<group>"; };
		8C400C4520DA6335009702BF /* MusicPlayerClass.swift */ = {isa = PBXFileReference; fileEncoding = 4; lastKnownFileType = sourcecode.swift; path = MusicPlayerClass.swift; sourceTree = "<group>"; };
		8C400C4620DA6335009702BF /* musicPlayerController.swift */ = {isa = PBXFileReference; fileEncoding = 4; lastKnownFileType = sourcecode.swift; path = musicPlayerController.swift; sourceTree = "<group>"; };
		8C93FE9520D93FEB00E9102B /* TepoGameMenu.swift */ = {isa = PBXFileReference; fileEncoding = 4; lastKnownFileType = sourcecode.swift; path = TepoGameMenu.swift; sourceTree = "<group>"; };
		8C93FE9620D93FEB00E9102B /* GuessRecord.swift */ = {isa = PBXFileReference; fileEncoding = 4; lastKnownFileType = sourcecode.swift; path = GuessRecord.swift; sourceTree = "<group>"; };
		8C93FE9720D93FEC00E9102B /* Game.storyboard */ = {isa = PBXFileReference; fileEncoding = 4; lastKnownFileType = file.storyboard; path = Game.storyboard; sourceTree = "<group>"; };
		8C93FE9820D93FEC00E9102B /* MusicChoice.swift */ = {isa = PBXFileReference; fileEncoding = 4; lastKnownFileType = sourcecode.swift; path = MusicChoice.swift; sourceTree = "<group>"; };
		8C93FE9920D93FEC00E9102B /* MusicGameOperation.swift */ = {isa = PBXFileReference; fileEncoding = 4; lastKnownFileType = sourcecode.swift; path = MusicGameOperation.swift; sourceTree = "<group>"; };
		8C93FE9A20D93FEC00E9102B /* 001.mp3 */ = {isa = PBXFileReference; lastKnownFileType = audio.mp3; path = 001.mp3; sourceTree = "<group>"; };
		8C93FE9B20D93FEC00E9102B /* 002.mp3 */ = {isa = PBXFileReference; lastKnownFileType = audio.mp3; path = 002.mp3; sourceTree = "<group>"; };
		8C93FE9C20D93FEC00E9102B /* MusicChoiceController.swift */ = {isa = PBXFileReference; fileEncoding = 4; lastKnownFileType = sourcecode.swift; path = MusicChoiceController.swift; sourceTree = "<group>"; };
		8C93FE9D20D93FEC00E9102B /* MusicGame.swift */ = {isa = PBXFileReference; fileEncoding = 4; lastKnownFileType = sourcecode.swift; path = MusicGame.swift; sourceTree = "<group>"; };
		8C93FE9E20D93FEC00E9102B /* 000.mp3 */ = {isa = PBXFileReference; lastKnownFileType = audio.mp3; path = 000.mp3; sourceTree = "<group>"; };
		8C93FE9F20D93FED00E9102B /* GameMenuController.swift */ = {isa = PBXFileReference; fileEncoding = 4; lastKnownFileType = sourcecode.swift; path = GameMenuController.swift; sourceTree = "<group>"; };
		8C93FEA020D93FED00E9102B /* GuessGameController.swift */ = {isa = PBXFileReference; fileEncoding = 4; lastKnownFileType = sourcecode.swift; path = GuessGameController.swift; sourceTree = "<group>"; };
		8C93FEA120D93FED00E9102B /* TempoRecord.swift */ = {isa = PBXFileReference; fileEncoding = 4; lastKnownFileType = sourcecode.swift; path = TempoRecord.swift; sourceTree = "<group>"; };
		8CA5CB9220CD5FB30009E74D /* Assets.xcassets */ = {isa = PBXFileReference; lastKnownFileType = folder.assetcatalog; path = Assets.xcassets; sourceTree = "<group>"; };
		8CA5CB9420CD695C0009E74D /* RestaurantDetailViewController.swift */ = {isa = PBXFileReference; lastKnownFileType = sourcecode.swift; path = RestaurantDetailViewController.swift; sourceTree = "<group>"; };
		8CA5CC1720CD9D0A0009E74D /* History.swift */ = {isa = PBXFileReference; fileEncoding = 4; lastKnownFileType = sourcecode.swift; path = History.swift; sourceTree = "<group>"; };
		8CA5CC1820CD9D0A0009E74D /* JokeType.swift */ = {isa = PBXFileReference; fileEncoding = 4; lastKnownFileType = sourcecode.swift; path = JokeType.swift; sourceTree = "<group>"; };
		8CA5CC1920CD9D0A0009E74D /* QA.swift */ = {isa = PBXFileReference; fileEncoding = 4; lastKnownFileType = sourcecode.swift; path = QA.swift; sourceTree = "<group>"; };
		8CA5CC1A20CD9D0A0009E74D /* Joke.storyboard */ = {isa = PBXFileReference; fileEncoding = 4; lastKnownFileType = file.storyboard; path = Joke.storyboard; sourceTree = "<group>"; };
		8CA5CC1B20CD9D0A0009E74D /* Joke.swift */ = {isa = PBXFileReference; fileEncoding = 4; lastKnownFileType = sourcecode.swift; path = Joke.swift; sourceTree = "<group>"; };
		8CA5CC1C20CD9D0A0009E74D /* JokeViewController.swift */ = {isa = PBXFileReference; fileEncoding = 4; lastKnownFileType = sourcecode.swift; path = JokeViewController.swift; sourceTree = "<group>"; };
		8CA5CC1D20CD9D0B0009E74D /* myFavorite.swift */ = {isa = PBXFileReference; fileEncoding = 4; lastKnownFileType = sourcecode.swift; path = myFavorite.swift; sourceTree = "<group>"; };
		8CA5CC1E20CD9D0B0009E74D /* Edit.swift */ = {isa = PBXFileReference; fileEncoding = 4; lastKnownFileType = sourcecode.swift; path = Edit.swift; sourceTree = "<group>"; };
		8CA5CC1F20CD9D0B0009E74D /* JokeTest.swift */ = {isa = PBXFileReference; fileEncoding = 4; lastKnownFileType = sourcecode.swift; path = JokeTest.swift; sourceTree = "<group>"; };
		8CAC508C20C6CE0100DE17E5 /* Map.storyboard */ = {isa = PBXFileReference; fileEncoding = 4; lastKnownFileType = file.storyboard; path = Map.storyboard; sourceTree = "<group>"; };
/* End PBXFileReference section */

/* Begin PBXFrameworksBuildPhase section */
		3FAA8A8D20BC0FD1006443FA /* Frameworks */ = {
			isa = PBXFrameworksBuildPhase;
			buildActionMask = 2147483647;
			files = (
			);
			runOnlyForDeploymentPostprocessing = 0;
		};
/* End PBXFrameworksBuildPhase section */

/* Begin PBXGroup section */
		3FAA8A8720BC0FD1006443FA = {
			isa = PBXGroup;
			children = (
				3FAA8A9220BC0FD1006443FA /* LifeApp */,
			);
			sourceTree = "<group>";
		};
		3FAA8A9120BC0FD1006443FA /* Products */ = {
			isa = PBXGroup;
			children = (
				3FAA8A9020BC0FD1006443FA /* LifeApp.app */,
			);
			name = Products;
			path = ..;
			sourceTree = "<group>";
		};
		3FAA8A9220BC0FD1006443FA /* LifeApp */ = {
			isa = PBXGroup;
			children = (
				3FAA8A9320BC0FD1006443FA /* AppDelegate.swift */,
				8C400C4B20DA6344009702BF /* Music */,
				8C400C4220DA62EF009702BF /* Health */,
				8C93FEAF20D9400B00E9102B /* Game */,
				8CA5CC2920CD9D150009E74D /* Joke */,
				8C03894820C402DF004D2D11 /* Map */,
				3FAA8A9920BC0FD1006443FA /* Main.storyboard */,
				3FAA8A9E20BC0FD2006443FA /* LaunchScreen.storyboard */,
				3FAA8AA120BC0FD2006443FA /* Info.plist */,
				8CA5CB9220CD5FB30009E74D /* Assets.xcassets */,
				3FAA8A9120BC0FD1006443FA /* Products */,
			);
			path = LifeApp;
			sourceTree = "<group>";
		};
		8C03894820C402DF004D2D11 /* Map */ = {
			isa = PBXGroup;
			children = (
				8C2F4DF420CAC378007A752A /* Contacts+CoreDataClass.swift */,
				8C2F4DF820CAC378007A752A /* Contacts+CoreDataProperties.swift */,
				8C2F4DF520CAC378007A752A /* Opentime+CoreDataClass.swift */,
				8C2F4DFA20CAC378007A752A /* Opentime+CoreDataProperties.swift */,
				8C2F4DF320CAC378007A752A /* Restaurants+CoreDataClass.swift */,
				8C2F4DF620CAC378007A752A /* Restaurants+CoreDataProperties.swift */,
				8C2F4DF720CAC378007A752A /* Tags+CoreDataClass.swift */,
				8C2F4DF920CAC378007A752A /* Tags+CoreDataProperties.swift */,
				8C2F4DE520CAC36A007A752A /* Restaurants.txt */,
				8C2F4DEA20CAC36A007A752A /* Tags.txt */,
				8C2F4DE620CAC36A007A752A /* Contacts.txt */,
				8C2F4DEB20CAC36B007A752A /* Opentime.txt */,
				8C2F4DE720CAC36A007A752A /* database.xcdatamodeld */,
				8C0C5DEC20C17499004CBB13 /* restaurantAnnotation.swift */,
				8C2F4DE420CAC36A007A752A /* Restaurant.swift */,
				8C2F4DE920CAC36A007A752A /* table.swift */,
				8CAC508C20C6CE0100DE17E5 /* Map.storyboard */,
				8C0C5DEA20C17469004CBB13 /* MapViewController.swift */,
				8C0C5DF220C188E8004CBB13 /* selectView.swift */,
				8C2F4E2B20CC10BC007A752A /* RestaurantViewController.swift */,
				8CA5CB9420CD695C0009E74D /* RestaurantDetailViewController.swift */,
			);
			path = Map;
			sourceTree = "<group>";
		};
		8C400C4220DA62EF009702BF /* Health */ = {
			isa = PBXGroup;
			children = (
				8C400C1320DA62D4009702BF /* HealthAnalysis.swift */,
				8C400C1D20DA62D5009702BF /* Health.storyboard */,
				8C400C1520DA62D4009702BF /* HealthAnalysisTableViewCell.swift */,
				8C400C1F20DA62D5009702BF /* HealthChoose.swift */,
				8C400C0E20DA62D3009702BF /* HealthHome.swift */,
				8C400C2120DA62D5009702BF /* HealthRecord.swift */,
				8C400C1020DA62D4009702BF /* HealthRecordTableCell.swift */,
				8C400C0F20DA62D3009702BF /* HealthRecordTableViewCell.swift */,
				8C400C2720DA62D5009702BF /* HealthSettingsTableViewCell.swift */,
				8C400C1420DA62D4009702BF /* HealthTest.swift */,
				8C400C1720DA62D4009702BF /* Medicine.swift */,
				8C400C1A20DA62D4009702BF /* Medicine1.txt */,
				8C400C1120DA62D4009702BF /* Medicine2.txt */,
				8C400C1620DA62D4009702BF /* Medicine3.txt */,
				8C400C2420DA62D5009702BF /* Question1.txt */,
				8C400C1B20DA62D4009702BF /* Question2.txt */,
				8C400C2620DA62D5009702BF /* Question3.txt */,
				8C400C1820DA62D4009702BF /* Record.swift */,
				8C400C2520DA62D5009702BF /* Record.txt */,
				8C400C1E20DA62D5009702BF /* Settings.swift */,
				8C400C1220DA62D4009702BF /* TestResult.swift */,
				8C400C2220DA62D5009702BF /* TestResultTableCell.swift */,
				8C400C2320DA62D5009702BF /* user.png */,
				8C400C2020DA62D5009702BF /* User.swift */,
				8C400C1C20DA62D5009702BF /* userinfo.txt */,
				8C400C1920DA62D4009702BF /* ViewController.swift */,
			);
			path = Health;
			sourceTree = "<group>";
		};
		8C400C4B20DA6344009702BF /* Music */ = {
			isa = PBXGroup;
			children = (
				8C400C4420DA6335009702BF /* Music.storyboard */,
				8C400C4520DA6335009702BF /* MusicPlayerClass.swift */,
				8C400C4620DA6335009702BF /* musicPlayerController.swift */,
				8C400C4320DA6335009702BF /* MusicViewController.swift */,
			);
			path = Music;
			sourceTree = "<group>";
		};
		8C93FEAF20D9400B00E9102B /* Game */ = {
			isa = PBXGroup;
			children = (
				8C93FE9E20D93FEC00E9102B /* 000.mp3 */,
				8C93FE9A20D93FEC00E9102B /* 001.mp3 */,
				8C93FE9B20D93FEC00E9102B /* 002.mp3 */,
				8C93FE9720D93FEC00E9102B /* Game.storyboard */,
				8C93FE9F20D93FED00E9102B /* GameMenuController.swift */,
				8C93FEA020D93FED00E9102B /* GuessGameController.swift */,
				8C93FE9620D93FEB00E9102B /* GuessRecord.swift */,
				8C93FE9820D93FEC00E9102B /* MusicChoice.swift */,
				8C93FE9C20D93FEC00E9102B /* MusicChoiceController.swift */,
				8C93FE9D20D93FEC00E9102B /* MusicGame.swift */,
				8C93FE9920D93FEC00E9102B /* MusicGameOperation.swift */,
				8C93FEA120D93FED00E9102B /* TempoRecord.swift */,
				8C93FE9520D93FEB00E9102B /* TepoGameMenu.swift */,
			);
			path = Game;
			sourceTree = "<group>";
		};
		8CA5CC2920CD9D150009E74D /* Joke */ = {
			isa = PBXGroup;
			children = (
				8CA5CC1E20CD9D0B0009E74D /* Edit.swift */,
				8CA5CC1720CD9D0A0009E74D /* History.swift */,
				8CA5CC1A20CD9D0A0009E74D /* Joke.storyboard */,
				8CA5CC1B20CD9D0A0009E74D /* Joke.swift */,
				8CA5CC1F20CD9D0B0009E74D /* JokeTest.swift */,
				8CA5CC1820CD9D0A0009E74D /* JokeType.swift */,
				8CA5CC1C20CD9D0A0009E74D /* JokeViewController.swift */,
				8CA5CC1D20CD9D0B0009E74D /* myFavorite.swift */,
				8CA5CC1920CD9D0A0009E74D /* QA.swift */,
			);
			path = Joke;
			sourceTree = "<group>";
		};
/* End PBXGroup section */

/* Begin PBXNativeTarget section */
		3FAA8A8F20BC0FD1006443FA /* LifeApp */ = {
			isa = PBXNativeTarget;
			buildConfigurationList = 3FAA8AA420BC0FD2006443FA /* Build configuration list for PBXNativeTarget "LifeApp" */;
			buildPhases = (
				3FAA8A8C20BC0FD1006443FA /* Sources */,
				3FAA8A8D20BC0FD1006443FA /* Frameworks */,
				3FAA8A8E20BC0FD1006443FA /* Resources */,
			);
			buildRules = (
			);
			dependencies = (
			);
			name = LifeApp;
			productName = LifeApp;
			productReference = 3FAA8A9020BC0FD1006443FA /* LifeApp.app */;
			productType = "com.apple.product-type.application";
		};
/* End PBXNativeTarget section */

/* Begin PBXProject section */
		3FAA8A8820BC0FD1006443FA /* Project object */ = {
			isa = PBXProject;
			attributes = {
				LastSwiftUpdateCheck = 0930;
				LastUpgradeCheck = 0930;
				ORGANIZATIONNAME = Student;
				TargetAttributes = {
					3FAA8A8F20BC0FD1006443FA = {
						CreatedOnToolsVersion = 9.3;
					};
				};
			};
			buildConfigurationList = 3FAA8A8B20BC0FD1006443FA /* Build configuration list for PBXProject "LifeApp" */;
			compatibilityVersion = "Xcode 9.3";
			developmentRegion = en;
			hasScannedForEncodings = 0;
			knownRegions = (
				en,
				Base,
			);
			mainGroup = 3FAA8A8720BC0FD1006443FA;
			productRefGroup = 3FAA8A9120BC0FD1006443FA /* Products */;
			projectDirPath = "";
			projectRoot = "";
			targets = (
				3FAA8A8F20BC0FD1006443FA /* LifeApp */,
			);
		};
/* End PBXProject section */

/* Begin PBXResourcesBuildPhase section */
		3FAA8A8E20BC0FD1006443FA /* Resources */ = {
			isa = PBXResourcesBuildPhase;
			buildActionMask = 2147483647;
			files = (
				8C400C4820DA6336009702BF /* Music.storyboard in Resources */,
				8C93FEA720D93FED00E9102B /* 001.mp3 in Resources */,
				8C400C3420DA62D5009702BF /* Medicine1.txt in Resources */,
				8CAC508D20C6CE0100DE17E5 /* Map.storyboard in Resources */,
				8C400C3F20DA62D5009702BF /* Record.txt in Resources */,
				8C400C2B20DA62D5009702BF /* Medicine2.txt in Resources */,
				8C400C4020DA62D5009702BF /* Question3.txt in Resources */,
				8C2F4DF120CAC36B007A752A /* Tags.txt in Resources */,
				8C400C3720DA62D5009702BF /* Health.storyboard in Resources */,
				8C93FEA820D93FED00E9102B /* 002.mp3 in Resources */,
				8C93FEA420D93FED00E9102B /* Game.storyboard in Resources */,
				8CA5CB9320CD5FB30009E74D /* Assets.xcassets in Resources */,
				8C400C3E20DA62D5009702BF /* Question1.txt in Resources */,
				8C400C3520DA62D5009702BF /* Question2.txt in Resources */,
				8C400C3D20DA62D5009702BF /* user.png in Resources */,
				3FAA8AA020BC0FD2006443FA /* LaunchScreen.storyboard in Resources */,
				8C2F4DEE20CAC36B007A752A /* Contacts.txt in Resources */,
				3FAA8A9B20BC0FD1006443FA /* Main.storyboard in Resources */,
				8C400C3620DA62D5009702BF /* userinfo.txt in Resources */,
				8C2F4DF220CAC36B007A752A /* Opentime.txt in Resources */,
				8C400C3020DA62D5009702BF /* Medicine3.txt in Resources */,
				8CA5CC2320CD9D0B0009E74D /* Joke.storyboard in Resources */,
				8C93FEAB20D93FED00E9102B /* 000.mp3 in Resources */,
				8C2F4DED20CAC36B007A752A /* Restaurants.txt in Resources */,
			);
			runOnlyForDeploymentPostprocessing = 0;
		};
/* End PBXResourcesBuildPhase section */

/* Begin PBXSourcesBuildPhase section */
		3FAA8A8C20BC0FD1006443FA /* Sources */ = {
			isa = PBXSourcesBuildPhase;
			buildActionMask = 2147483647;
			files = (
				8C2F4DEC20CAC36B007A752A /* Restaurant.swift in Sources */,
				8C400C3220DA62D5009702BF /* Record.swift in Sources */,
				8C2F4DF020CAC36B007A752A /* table.swift in Sources */,
				8C400C3920DA62D5009702BF /* HealthChoose.swift in Sources */,
				8C400C4A20DA6336009702BF /* musicPlayerController.swift in Sources */,
				3FAA8A9420BC0FD1006443FA /* AppDelegate.swift in Sources */,
				8C93FEAA20D93FED00E9102B /* MusicGame.swift in Sources */,
				8C2F4DFF20CAC378007A752A /* Tags+CoreDataClass.swift in Sources */,
				8CA5CB9520CD695C0009E74D /* RestaurantDetailViewController.swift in Sources */,
				8C400C3820DA62D5009702BF /* Settings.swift in Sources */,
				8CA5CC2620CD9D0B0009E74D /* myFavorite.swift in Sources */,
				8C0C5DED20C17499004CBB13 /* restaurantAnnotation.swift in Sources */,
				8C400C2C20DA62D5009702BF /* TestResult.swift in Sources */,
				8C400C4120DA62D5009702BF /* HealthSettingsTableViewCell.swift in Sources */,
				8C400C2D20DA62D5009702BF /* HealthAnalysis.swift in Sources */,
				8C400C2F20DA62D5009702BF /* HealthAnalysisTableViewCell.swift in Sources */,
				8CA5CC2520CD9D0B0009E74D /* JokeViewController.swift in Sources */,
				8C93FEAC20D93FED00E9102B /* GameMenuController.swift in Sources */,
				8C400C3120DA62D5009702BF /* Medicine.swift in Sources */,
				8C0C5DF320C188E8004CBB13 /* selectView.swift in Sources */,
				8CA5CC2020CD9D0B0009E74D /* History.swift in Sources */,
				8C400C3C20DA62D5009702BF /* TestResultTableCell.swift in Sources */,
				8C2F4DEF20CAC36B007A752A /* database.xcdatamodeld in Sources */,
				8C93FEA520D93FED00E9102B /* MusicChoice.swift in Sources */,
				8C400C2920DA62D5009702BF /* HealthRecordTableViewCell.swift in Sources */,
				8C93FEAE20D93FED00E9102B /* TempoRecord.swift in Sources */,
				8C2F4DFC20CAC378007A752A /* Contacts+CoreDataClass.swift in Sources */,
				8CA5CC2820CD9D0B0009E74D /* JokeTest.swift in Sources */,
				8C2F4E0120CAC378007A752A /* Tags+CoreDataProperties.swift in Sources */,
				8C93FEA920D93FED00E9102B /* MusicChoiceController.swift in Sources */,
				8C2F4DFE20CAC378007A752A /* Restaurants+CoreDataProperties.swift in Sources */,
				8C2F4DFB20CAC378007A752A /* Restaurants+CoreDataClass.swift in Sources */,
				8CA5CC2120CD9D0B0009E74D /* JokeType.swift in Sources */,
				8C400C3320DA62D5009702BF /* ViewController.swift in Sources */,
				8C2F4DFD20CAC378007A752A /* Opentime+CoreDataClass.swift in Sources */,
				8C400C3B20DA62D5009702BF /* HealthRecord.swift in Sources */,
				8CA5CC2720CD9D0B0009E74D /* Edit.swift in Sources */,
				8CA5CC2220CD9D0B0009E74D /* QA.swift in Sources */,
				8C400C4920DA6336009702BF /* MusicPlayerClass.swift in Sources */,
				8C93FEA620D93FED00E9102B /* MusicGameOperation.swift in Sources */,
				8CA5CC2420CD9D0B0009E74D /* Joke.swift in Sources */,
				8C93FEAD20D93FED00E9102B /* GuessGameController.swift in Sources */,
				8C0C5DEB20C17469004CBB13 /* MapViewController.swift in Sources */,
				8C2F4E2C20CC10BC007A752A /* RestaurantViewController.swift in Sources */,
				8C400C3A20DA62D5009702BF /* User.swift in Sources */,
				8C93FEA220D93FED00E9102B /* TepoGameMenu.swift in Sources */,
				8C2F4E0220CAC378007A752A /* Opentime+CoreDataProperties.swift in Sources */,
				8C400C4720DA6336009702BF /* MusicViewController.swift in Sources */,
				8C400C2E20DA62D5009702BF /* HealthTest.swift in Sources */,
				8C400C2820DA62D5009702BF /* HealthHome.swift in Sources */,
				8C400C2A20DA62D5009702BF /* HealthRecordTableCell.swift in Sources */,
				8C93FEA320D93FED00E9102B /* GuessRecord.swift in Sources */,
				8C2F4E0020CAC378007A752A /* Contacts+CoreDataProperties.swift in Sources */,
			);
			runOnlyForDeploymentPostprocessing = 0;
		};
/* End PBXSourcesBuildPhase section */

/* Begin PBXVariantGroup section */
		3FAA8A9920BC0FD1006443FA /* Main.storyboard */ = {
			isa = PBXVariantGroup;
			children = (
				3FAA8A9A20BC0FD1006443FA /* Base */,
			);
			name = Main.storyboard;
			sourceTree = "<group>";
		};
		3FAA8A9E20BC0FD2006443FA /* LaunchScreen.storyboard */ = {
			isa = PBXVariantGroup;
			children = (
				3FAA8A9F20BC0FD2006443FA /* Base */,
			);
			name = LaunchScreen.storyboard;
			sourceTree = "<group>";
		};
/* End PBXVariantGroup section */

/* Begin XCBuildConfiguration section */
		3FAA8AA220BC0FD2006443FA /* Debug */ = {
			isa = XCBuildConfiguration;
			buildSettings = {
				ALWAYS_SEARCH_USER_PATHS = NO;
				CLANG_ANALYZER_NONNULL = YES;
				CLANG_ANALYZER_NUMBER_OBJECT_CONVERSION = YES_AGGRESSIVE;
				CLANG_CXX_LANGUAGE_STANDARD = "gnu++14";
				CLANG_CXX_LIBRARY = "libc++";
				CLANG_ENABLE_MODULES = YES;
				CLANG_ENABLE_OBJC_ARC = YES;
				CLANG_ENABLE_OBJC_WEAK = YES;
				CLANG_WARN_BLOCK_CAPTURE_AUTORELEASING = YES;
				CLANG_WARN_BOOL_CONVERSION = YES;
				CLANG_WARN_COMMA = YES;
				CLANG_WARN_CONSTANT_CONVERSION = YES;
				CLANG_WARN_DEPRECATED_OBJC_IMPLEMENTATIONS = YES;
				CLANG_WARN_DIRECT_OBJC_ISA_USAGE = YES_ERROR;
				CLANG_WARN_DOCUMENTATION_COMMENTS = YES;
				CLANG_WARN_EMPTY_BODY = YES;
				CLANG_WARN_ENUM_CONVERSION = YES;
				CLANG_WARN_INFINITE_RECURSION = YES;
				CLANG_WARN_INT_CONVERSION = YES;
				CLANG_WARN_NON_LITERAL_NULL_CONVERSION = YES;
				CLANG_WARN_OBJC_IMPLICIT_RETAIN_SELF = YES;
				CLANG_WARN_OBJC_LITERAL_CONVERSION = YES;
				CLANG_WARN_OBJC_ROOT_CLASS = YES_ERROR;
				CLANG_WARN_RANGE_LOOP_ANALYSIS = YES;
				CLANG_WARN_STRICT_PROTOTYPES = YES;
				CLANG_WARN_SUSPICIOUS_MOVE = YES;
				CLANG_WARN_UNGUARDED_AVAILABILITY = YES_AGGRESSIVE;
				CLANG_WARN_UNREACHABLE_CODE = YES;
				CLANG_WARN__DUPLICATE_METHOD_MATCH = YES;
				CODE_SIGN_IDENTITY = "iPhone Developer";
				COPY_PHASE_STRIP = NO;
				DEBUG_INFORMATION_FORMAT = dwarf;
				ENABLE_STRICT_OBJC_MSGSEND = YES;
				ENABLE_TESTABILITY = YES;
				GCC_C_LANGUAGE_STANDARD = gnu11;
				GCC_DYNAMIC_NO_PIC = NO;
				GCC_NO_COMMON_BLOCKS = YES;
				GCC_OPTIMIZATION_LEVEL = 0;
				GCC_PREPROCESSOR_DEFINITIONS = (
					"DEBUG=1",
					"$(inherited)",
				);
				GCC_WARN_64_TO_32_BIT_CONVERSION = YES;
				GCC_WARN_ABOUT_RETURN_TYPE = YES_ERROR;
				GCC_WARN_UNDECLARED_SELECTOR = YES;
				GCC_WARN_UNINITIALIZED_AUTOS = YES_AGGRESSIVE;
				GCC_WARN_UNUSED_FUNCTION = YES;
				GCC_WARN_UNUSED_VARIABLE = YES;
				IPHONEOS_DEPLOYMENT_TARGET = 11.3;
				MTL_ENABLE_DEBUG_INFO = YES;
				ONLY_ACTIVE_ARCH = YES;
				SDKROOT = iphoneos;
				SWIFT_ACTIVE_COMPILATION_CONDITIONS = DEBUG;
				SWIFT_OPTIMIZATION_LEVEL = "-Onone";
			};
			name = Debug;
		};
		3FAA8AA320BC0FD2006443FA /* Release */ = {
			isa = XCBuildConfiguration;
			buildSettings = {
				ALWAYS_SEARCH_USER_PATHS = NO;
				CLANG_ANALYZER_NONNULL = YES;
				CLANG_ANALYZER_NUMBER_OBJECT_CONVERSION = YES_AGGRESSIVE;
				CLANG_CXX_LANGUAGE_STANDARD = "gnu++14";
				CLANG_CXX_LIBRARY = "libc++";
				CLANG_ENABLE_MODULES = YES;
				CLANG_ENABLE_OBJC_ARC = YES;
				CLANG_ENABLE_OBJC_WEAK = YES;
				CLANG_WARN_BLOCK_CAPTURE_AUTORELEASING = YES;
				CLANG_WARN_BOOL_CONVERSION = YES;
				CLANG_WARN_COMMA = YES;
				CLANG_WARN_CONSTANT_CONVERSION = YES;
				CLANG_WARN_DEPRECATED_OBJC_IMPLEMENTATIONS = YES;
				CLANG_WARN_DIRECT_OBJC_ISA_USAGE = YES_ERROR;
				CLANG_WARN_DOCUMENTATION_COMMENTS = YES;
				CLANG_WARN_EMPTY_BODY = YES;
				CLANG_WARN_ENUM_CONVERSION = YES;
				CLANG_WARN_INFINITE_RECURSION = YES;
				CLANG_WARN_INT_CONVERSION = YES;
				CLANG_WARN_NON_LITERAL_NULL_CONVERSION = YES;
				CLANG_WARN_OBJC_IMPLICIT_RETAIN_SELF = YES;
				CLANG_WARN_OBJC_LITERAL_CONVERSION = YES;
				CLANG_WARN_OBJC_ROOT_CLASS = YES_ERROR;
				CLANG_WARN_RANGE_LOOP_ANALYSIS = YES;
				CLANG_WARN_STRICT_PROTOTYPES = YES;
				CLANG_WARN_SUSPICIOUS_MOVE = YES;
				CLANG_WARN_UNGUARDED_AVAILABILITY = YES_AGGRESSIVE;
				CLANG_WARN_UNREACHABLE_CODE = YES;
				CLANG_WARN__DUPLICATE_METHOD_MATCH = YES;
				CODE_SIGN_IDENTITY = "iPhone Developer";
				COPY_PHASE_STRIP = NO;
				DEBUG_INFORMATION_FORMAT = "dwarf-with-dsym";
				ENABLE_NS_ASSERTIONS = NO;
				ENABLE_STRICT_OBJC_MSGSEND = YES;
				GCC_C_LANGUAGE_STANDARD = gnu11;
				GCC_NO_COMMON_BLOCKS = YES;
				GCC_WARN_64_TO_32_BIT_CONVERSION = YES;
				GCC_WARN_ABOUT_RETURN_TYPE = YES_ERROR;
				GCC_WARN_UNDECLARED_SELECTOR = YES;
				GCC_WARN_UNINITIALIZED_AUTOS = YES_AGGRESSIVE;
				GCC_WARN_UNUSED_FUNCTION = YES;
				GCC_WARN_UNUSED_VARIABLE = YES;
				IPHONEOS_DEPLOYMENT_TARGET = 11.3;
				MTL_ENABLE_DEBUG_INFO = NO;
				SDKROOT = iphoneos;
				SWIFT_COMPILATION_MODE = wholemodule;
				SWIFT_OPTIMIZATION_LEVEL = "-O";
				VALIDATE_PRODUCT = YES;
			};
			name = Release;
		};
		3FAA8AA520BC0FD2006443FA /* Debug */ = {
			isa = XCBuildConfiguration;
			buildSettings = {
				ASSETCATALOG_COMPILER_APPICON_NAME = AppIcon;
				CODE_SIGN_STYLE = Automatic;
				DEVELOPMENT_TEAM = DE2266XAH6;
				INFOPLIST_FILE = LifeApp/Info.plist;
				LD_RUNPATH_SEARCH_PATHS = (
					"$(inherited)",
					"@executable_path/Frameworks",
				);
				PRODUCT_BUNDLE_IDENTIFIER = lifeapp.dororo;
				PRODUCT_NAME = "$(TARGET_NAME)";
				SWIFT_VERSION = 4.0;
				TARGETED_DEVICE_FAMILY = "1,2";
			};
			name = Debug;
		};
		3FAA8AA620BC0FD2006443FA /* Release */ = {
			isa = XCBuildConfiguration;
			buildSettings = {
				ASSETCATALOG_COMPILER_APPICON_NAME = AppIcon;
				CODE_SIGN_STYLE = Automatic;
				DEVELOPMENT_TEAM = DE2266XAH6;
				INFOPLIST_FILE = LifeApp/Info.plist;
				LD_RUNPATH_SEARCH_PATHS = (
					"$(inherited)",
					"@executable_path/Frameworks",
				);
				PRODUCT_BUNDLE_IDENTIFIER = lifeapp.dororo;
				PRODUCT_NAME = "$(TARGET_NAME)";
				SWIFT_VERSION = 4.0;
				TARGETED_DEVICE_FAMILY = "1,2";
			};
			name = Release;
		};
/* End XCBuildConfiguration section */

/* Begin XCConfigurationList section */
		3FAA8A8B20BC0FD1006443FA /* Build configuration list for PBXProject "LifeApp" */ = {
			isa = XCConfigurationList;
			buildConfigurations = (
				3FAA8AA220BC0FD2006443FA /* Debug */,
				3FAA8AA320BC0FD2006443FA /* Release */,
			);
			defaultConfigurationIsVisible = 0;
			defaultConfigurationName = Release;
		};
		3FAA8AA420BC0FD2006443FA /* Build configuration list for PBXNativeTarget "LifeApp" */ = {
			isa = XCConfigurationList;
			buildConfigurations = (
				3FAA8AA520BC0FD2006443FA /* Debug */,
				3FAA8AA620BC0FD2006443FA /* Release */,
			);
			defaultConfigurationIsVisible = 0;
			defaultConfigurationName = Release;
		};
/* End XCConfigurationList section */

/* Begin XCVersionGroup section */
		8C2F4DE720CAC36A007A752A /* database.xcdatamodeld */ = {
			isa = XCVersionGroup;
			children = (
				8C2F4DE820CAC36A007A752A /* database.xcdatamodel */,
			);
			currentVersion = 8C2F4DE820CAC36A007A752A /* database.xcdatamodel */;
			path = database.xcdatamodeld;
			sourceTree = "<group>";
			versionGroupType = wrapper.xcdatamodel;
		};
/* End XCVersionGroup section */
	};
	rootObject = 3FAA8A8820BC0FD1006443FA /* Project object */;
}
