// !$*UTF8*$!
{
	archiveVersion = 1;
	classes = {
	};
	objectVersion = 50;
	objects = {

/* Begin PBXBuildFile section */
		3FAA8A9420BC0FD1006443FA /* AppDelegate.swift in Sources */ = {isa = PBXBuildFile; fileRef = 3FAA8A9320BC0FD1006443FA /* AppDelegate.swift */; };
		3FAA8A9B20BC0FD1006443FA /* Main.storyboard in Resources */ = {isa = PBXBuildFile; fileRef = 3FAA8A9920BC0FD1006443FA /* Main.storyboard */; };
		3FAA8AA020BC0FD2006443FA /* LaunchScreen.storyboard in Resources */ = {isa = PBXBuildFile; fileRef = 3FAA8A9E20BC0FD2006443FA /* LaunchScreen.storyboard */; };
		8C0C5DEB20C17469004CBB13 /* MapViewController.swift in Sources */ = {isa = PBXBuildFile; fileRef = 8C0C5DEA20C17469004CBB13 /* MapViewController.swift */; };
		8C0C5DED20C17499004CBB13 /* restaurantAnnotation.swift in Sources */ = {isa = PBXBuildFile; fileRef = 8C0C5DEC20C17499004CBB13 /* restaurantAnnotation.swift */; };
		8C0C5DF320C188E8004CBB13 /* selectView.swift in Sources */ = {isa = PBXBuildFile; fileRef = 8C0C5DF220C188E8004CBB13 /* selectView.swift */; };
		8C2F4DEC20CAC36B007A752A /* Restaurant.swift in Sources */ = {isa = PBXBuildFile; fileRef = 8C2F4DE420CAC36A007A752A /* Restaurant.swift */; };
		8C2F4DED20CAC36B007A752A /* Restaurants.txt in Resources */ = {isa = PBXBuildFile; fileRef = 8C2F4DE520CAC36A007A752A /* Restaurants.txt */; };
		8C2F4DEE20CAC36B007A752A /* Contacts.txt in Resources */ = {isa = PBXBuildFile; fileRef = 8C2F4DE620CAC36A007A752A /* Contacts.txt */; };
		8C2F4DEF20CAC36B007A752A /* database.xcdatamodeld in Sources */ = {isa = PBXBuildFile; fileRef = 8C2F4DE720CAC36A007A752A /* database.xcdatamodeld */; };
		8C2F4DF020CAC36B007A752A /* table.swift in Sources */ = {isa = PBXBuildFile; fileRef = 8C2F4DE920CAC36A007A752A /* table.swift */; };
		8C2F4DF120CAC36B007A752A /* Tags.txt in Resources */ = {isa = PBXBuildFile; fileRef = 8C2F4DEA20CAC36A007A752A /* Tags.txt */; };
		8C2F4DF220CAC36B007A752A /* Opentime.txt in Resources */ = {isa = PBXBuildFile; fileRef = 8C2F4DEB20CAC36B007A752A /* Opentime.txt */; };
		8C2F4DFB20CAC378007A752A /* Restaurants+CoreDataClass.swift in Sources */ = {isa = PBXBuildFile; fileRef = 8C2F4DF320CAC378007A752A /* Restaurants+CoreDataClass.swift */; };
		8C2F4DFC20CAC378007A752A /* Contacts+CoreDataClass.swift in Sources */ = {isa = PBXBuildFile; fileRef = 8C2F4DF420CAC378007A752A /* Contacts+CoreDataClass.swift */; };
		8C2F4DFD20CAC378007A752A /* Opentime+CoreDataClass.swift in Sources */ = {isa = PBXBuildFile; fileRef = 8C2F4DF520CAC378007A752A /* Opentime+CoreDataClass.swift */; };
		8C2F4DFE20CAC378007A752A /* Restaurants+CoreDataProperties.swift in Sources */ = {isa = PBXBuildFile; fileRef = 8C2F4DF620CAC378007A752A /* Restaurants+CoreDataProperties.swift */; };
		8C2F4DFF20CAC378007A752A /* Tags+CoreDataClass.swift in Sources */ = {isa = PBXBuildFile; fileRef = 8C2F4DF720CAC378007A752A /* Tags+CoreDataClass.swift */; };
		8C2F4E0020CAC378007A752A /* Contacts+CoreDataProperties.swift in Sources */ = {isa = PBXBuildFile; fileRef = 8C2F4DF820CAC378007A752A /* Contacts+CoreDataProperties.swift */; };
		8C2F4E0120CAC378007A752A /* Tags+CoreDataProperties.swift in Sources */ = {isa = PBXBuildFile; fileRef = 8C2F4DF920CAC378007A752A /* Tags+CoreDataProperties.swift */; };
		8C2F4E0220CAC378007A752A /* Opentime+CoreDataProperties.swift in Sources */ = {isa = PBXBuildFile; fileRef = 8C2F4DFA20CAC378007A752A /* Opentime+CoreDataProperties.swift */; };
		8C2F4E2C20CC10BC007A752A /* RestaurantViewController.swift in Sources */ = {isa = PBXBuildFile; fileRef = 8C2F4E2B20CC10BC007A752A /* RestaurantViewController.swift */; };
		8CA5CB9320CD5FB30009E74D /* Assets.xcassets in Resources */ = {isa = PBXBuildFile; fileRef = 8CA5CB9220CD5FB30009E74D /* Assets.xcassets */; };
		8CA5CB9520CD695C0009E74D /* RestaurantDetailViewController.swift in Sources */ = {isa = PBXBuildFile; fileRef = 8CA5CB9420CD695C0009E74D /* RestaurantDetailViewController.swift */; };
		8CAC508D20C6CE0100DE17E5 /* Map.storyboard in Resources */ = {isa = PBXBuildFile; fileRef = 8CAC508C20C6CE0100DE17E5 /* Map.storyboard */; };
		8CC85D4120DEA0C000D0F4B8 /* Medicine2.txt in Resources */ = {isa = PBXBuildFile; fileRef = 8CC85D2420DEA0BE00D0F4B8 /* Medicine2.txt */; };
		8CC85D4220DEA0C000D0F4B8 /* TestResultTableCell.swift in Sources */ = {isa = PBXBuildFile; fileRef = 8CC85D2520DEA0BE00D0F4B8 /* TestResultTableCell.swift */; };
		8CC85D4320DEA0C000D0F4B8 /* HealthRecordTableCell.swift in Sources */ = {isa = PBXBuildFile; fileRef = 8CC85D2620DEA0BE00D0F4B8 /* HealthRecordTableCell.swift */; };
		8CC85D4420DEA0C000D0F4B8 /* user.png in Resources */ = {isa = PBXBuildFile; fileRef = 8CC85D2720DEA0BE00D0F4B8 /* user.png */; };
		8CC85D4520DEA0C000D0F4B8 /* TestResult.swift in Sources */ = {isa = PBXBuildFile; fileRef = 8CC85D2820DEA0BE00D0F4B8 /* TestResult.swift */; };
		8CC85D4620DEA0C000D0F4B8 /* HealthAnalysis.swift in Sources */ = {isa = PBXBuildFile; fileRef = 8CC85D2920DEA0BE00D0F4B8 /* HealthAnalysis.swift */; };
		8CC85D4720DEA0C000D0F4B8 /* Question.swift in Sources */ = {isa = PBXBuildFile; fileRef = 8CC85D2A20DEA0BE00D0F4B8 /* Question.swift */; };
		8CC85D4820DEA0C000D0F4B8 /* HealthTest.swift in Sources */ = {isa = PBXBuildFile; fileRef = 8CC85D2B20DEA0BE00D0F4B8 /* HealthTest.swift */; };
		8CC85D4920DEA0C000D0F4B8 /* HealthAnalysisTableViewCell.swift in Sources */ = {isa = PBXBuildFile; fileRef = 8CC85D2C20DEA0BE00D0F4B8 /* HealthAnalysisTableViewCell.swift */; };
		8CC85D4A20DEA0C000D0F4B8 /* Medicine3.txt in Resources */ = {isa = PBXBuildFile; fileRef = 8CC85D2D20DEA0BE00D0F4B8 /* Medicine3.txt */; };
		8CC85D4B20DEA0C000D0F4B8 /* Medicine.swift in Sources */ = {isa = PBXBuildFile; fileRef = 8CC85D2E20DEA0BE00D0F4B8 /* Medicine.swift */; };
		8CC85D4C20DEA0C000D0F4B8 /* Record.swift in Sources */ = {isa = PBXBuildFile; fileRef = 8CC85D2F20DEA0BF00D0F4B8 /* Record.swift */; };
		8CC85D4D20DEA0C000D0F4B8 /* Medicine1.txt in Resources */ = {isa = PBXBuildFile; fileRef = 8CC85D3020DEA0BF00D0F4B8 /* Medicine1.txt */; };
		8CC85D4E20DEA0C000D0F4B8 /* Question2.txt in Resources */ = {isa = PBXBuildFile; fileRef = 8CC85D3120DEA0BF00D0F4B8 /* Question2.txt */; };
		8CC85D4F20DEA0C000D0F4B8 /* Question0.txt in Resources */ = {isa = PBXBuildFile; fileRef = 8CC85D3220DEA0BF00D0F4B8 /* Question0.txt */; };
		8CC85D5020DEA0C000D0F4B8 /* userinfo.txt in Resources */ = {isa = PBXBuildFile; fileRef = 8CC85D3320DEA0BF00D0F4B8 /* userinfo.txt */; };
		8CC85D5120DEA0C000D0F4B8 /* Test.swift in Sources */ = {isa = PBXBuildFile; fileRef = 8CC85D3420DEA0BF00D0F4B8 /* Test.swift */; };
		8CC85D5220DEA0C000D0F4B8 /* Health.storyboard in Resources */ = {isa = PBXBuildFile; fileRef = 8CC85D3520DEA0BF00D0F4B8 /* Health.storyboard */; };
		8CC85D5320DEA0C000D0F4B8 /* Medicine0.txt in Resources */ = {isa = PBXBuildFile; fileRef = 8CC85D3620DEA0BF00D0F4B8 /* Medicine0.txt */; };
		8CC85D5420DEA0C000D0F4B8 /* HealthChoose.swift in Sources */ = {isa = PBXBuildFile; fileRef = 8CC85D3720DEA0BF00D0F4B8 /* HealthChoose.swift */; };
		8CC85D5520DEA0C000D0F4B8 /* Settings.swift in Sources */ = {isa = PBXBuildFile; fileRef = 8CC85D3820DEA0BF00D0F4B8 /* Settings.swift */; };
		8CC85D5620DEA0C000D0F4B8 /* User.swift in Sources */ = {isa = PBXBuildFile; fileRef = 8CC85D3920DEA0BF00D0F4B8 /* User.swift */; };
		8CC85D5720DEA0C000D0F4B8 /* HealthRecord.swift in Sources */ = {isa = PBXBuildFile; fileRef = 8CC85D3A20DEA0C000D0F4B8 /* HealthRecord.swift */; };
		8CC85D5820DEA0C000D0F4B8 /* Question3.txt in Resources */ = {isa = PBXBuildFile; fileRef = 8CC85D3B20DEA0C000D0F4B8 /* Question3.txt */; };
		8CC85D5920DEA0C000D0F4B8 /* HealthSettingsTableViewCell.swift in Sources */ = {isa = PBXBuildFile; fileRef = 8CC85D3C20DEA0C000D0F4B8 /* HealthSettingsTableViewCell.swift */; };
		8CC85D5A20DEA0C000D0F4B8 /* Question1.txt in Resources */ = {isa = PBXBuildFile; fileRef = 8CC85D3D20DEA0C000D0F4B8 /* Question1.txt */; };
		8CC85D5B20DEA0C000D0F4B8 /* Record.txt in Resources */ = {isa = PBXBuildFile; fileRef = 8CC85D3E20DEA0C000D0F4B8 /* Record.txt */; };
		8CC85D5C20DEA0C000D0F4B8 /* HealthHome.swift in Sources */ = {isa = PBXBuildFile; fileRef = 8CC85D3F20DEA0C000D0F4B8 /* HealthHome.swift */; };
		8CC85D5D20DEA0C000D0F4B8 /* HealthRecordTableViewCell.swift in Sources */ = {isa = PBXBuildFile; fileRef = 8CC85D4020DEA0C000D0F4B8 /* HealthRecordTableViewCell.swift */; };
		8CC85D7320DEA58200D0F4B8 /* Adult0.txt in Resources */ = {isa = PBXBuildFile; fileRef = 8CC85D5F20DEA58000D0F4B8 /* Adult0.txt */; };
		8CC85D7420DEA58200D0F4B8 /* Adult2.txt in Resources */ = {isa = PBXBuildFile; fileRef = 8CC85D6020DEA58000D0F4B8 /* Adult2.txt */; };
		8CC85D7520DEA58200D0F4B8 /* myFavorite.swift in Sources */ = {isa = PBXBuildFile; fileRef = 8CC85D6120DEA58000D0F4B8 /* myFavorite.swift */; };
		8CC85D7620DEA58200D0F4B8 /* Pun2.txt in Resources */ = {isa = PBXBuildFile; fileRef = 8CC85D6220DEA58000D0F4B8 /* Pun2.txt */; };
		8CC85D7720DEA58200D0F4B8 /* QA.swift in Sources */ = {isa = PBXBuildFile; fileRef = 8CC85D6320DEA58000D0F4B8 /* QA.swift */; };
		8CC85D7820DEA58200D0F4B8 /* QA1.txt in Resources */ = {isa = PBXBuildFile; fileRef = 8CC85D6420DEA58000D0F4B8 /* QA1.txt */; };
		8CC85D7920DEA58200D0F4B8 /* Metaphor2.txt in Resources */ = {isa = PBXBuildFile; fileRef = 8CC85D6520DEA58000D0F4B8 /* Metaphor2.txt */; };
		8CC85D7A20DEA58200D0F4B8 /* Metaphor1.txt in Resources */ = {isa = PBXBuildFile; fileRef = 8CC85D6620DEA58000D0F4B8 /* Metaphor1.txt */; };
		8CC85D7B20DEA58200D0F4B8 /* Joke.storyboard in Resources */ = {isa = PBXBuildFile; fileRef = 8CC85D6720DEA58000D0F4B8 /* Joke.storyboard */; };
		8CC85D7C20DEA58200D0F4B8 /* Joke.swift in Sources */ = {isa = PBXBuildFile; fileRef = 8CC85D6820DEA58100D0F4B8 /* Joke.swift */; };
		8CC85D7D20DEA58200D0F4B8 /* QA2.txt in Resources */ = {isa = PBXBuildFile; fileRef = 8CC85D6920DEA58100D0F4B8 /* QA2.txt */; };
		8CC85D7E20DEA58200D0F4B8 /* JokeTest.swift in Sources */ = {isa = PBXBuildFile; fileRef = 8CC85D6A20DEA58100D0F4B8 /* JokeTest.swift */; };
		8CC85D7F20DEA58200D0F4B8 /* Pun1.txt in Resources */ = {isa = PBXBuildFile; fileRef = 8CC85D6B20DEA58100D0F4B8 /* Pun1.txt */; };
		8CC85D8020DEA58200D0F4B8 /* JokeType.swift in Sources */ = {isa = PBXBuildFile; fileRef = 8CC85D6C20DEA58100D0F4B8 /* JokeType.swift */; };
		8CC85D8120DEA58200D0F4B8 /* QA0.txt in Resources */ = {isa = PBXBuildFile; fileRef = 8CC85D6D20DEA58100D0F4B8 /* QA0.txt */; };
		8CC85D8220DEA58200D0F4B8 /* JokeViewController.swift in Sources */ = {isa = PBXBuildFile; fileRef = 8CC85D6E20DEA58100D0F4B8 /* JokeViewController.swift */; };
		8CC85D8320DEA58200D0F4B8 /* Metaphor0.txt in Resources */ = {isa = PBXBuildFile; fileRef = 8CC85D6F20DEA58100D0F4B8 /* Metaphor0.txt */; };
		8CC85D8420DEA58200D0F4B8 /* Edit.swift in Sources */ = {isa = PBXBuildFile; fileRef = 8CC85D7020DEA58100D0F4B8 /* Edit.swift */; };
		8CC85D8520DEA58200D0F4B8 /* Pun0.txt in Resources */ = {isa = PBXBuildFile; fileRef = 8CC85D7120DEA58100D0F4B8 /* Pun0.txt */; };
		8CC85D8620DEA58200D0F4B8 /* Adult1.txt in Resources */ = {isa = PBXBuildFile; fileRef = 8CC85D7220DEA58200D0F4B8 /* Adult1.txt */; };
		8CC9CFD420DE1E0D001B6F96 /* MusicPlayerClass.swift in Sources */ = {isa = PBXBuildFile; fileRef = 8CC9CFD020DE1E0D001B6F96 /* MusicPlayerClass.swift */; };
		8CC9CFD520DE1E0D001B6F96 /* Music.storyboard in Resources */ = {isa = PBXBuildFile; fileRef = 8CC9CFD120DE1E0D001B6F96 /* Music.storyboard */; };
		8CC9CFD620DE1E0D001B6F96 /* MusicViewController.swift in Sources */ = {isa = PBXBuildFile; fileRef = 8CC9CFD220DE1E0D001B6F96 /* MusicViewController.swift */; };
		8CC9CFD720DE1E0D001B6F96 /* musicPlayerController.swift in Sources */ = {isa = PBXBuildFile; fileRef = 8CC9CFD320DE1E0D001B6F96 /* musicPlayerController.swift */; };
		8CC9CFE720DE2030001B6F96 /* TepoGameMenu.swift in Sources */ = {isa = PBXBuildFile; fileRef = 8CC9CFD920DE202E001B6F96 /* TepoGameMenu.swift */; };
		8CC9CFE820DE2030001B6F96 /* GuessRecord.swift in Sources */ = {isa = PBXBuildFile; fileRef = 8CC9CFDA20DE202F001B6F96 /* GuessRecord.swift */; };
		8CC9CFE920DE2030001B6F96 /* GuessGameData.swift in Sources */ = {isa = PBXBuildFile; fileRef = 8CC9CFDB20DE202F001B6F96 /* GuessGameData.swift */; };
		8CC9CFEA20DE2030001B6F96 /* Game.storyboard in Resources */ = {isa = PBXBuildFile; fileRef = 8CC9CFDC20DE202F001B6F96 /* Game.storyboard */; };
		8CC9CFEB20DE2030001B6F96 /* MusicChoice.swift in Sources */ = {isa = PBXBuildFile; fileRef = 8CC9CFDD20DE202F001B6F96 /* MusicChoice.swift */; };
		8CC9CFEC20DE2030001B6F96 /* MusicGameOperation.swift in Sources */ = {isa = PBXBuildFile; fileRef = 8CC9CFDE20DE202F001B6F96 /* MusicGameOperation.swift */; };
		8CC9CFED20DE2030001B6F96 /* 001.mp3 in Resources */ = {isa = PBXBuildFile; fileRef = 8CC9CFDF20DE202F001B6F96 /* 001.mp3 */; };
		8CC9CFEE20DE2030001B6F96 /* 002.mp3 in Resources */ = {isa = PBXBuildFile; fileRef = 8CC9CFE020DE202F001B6F96 /* 002.mp3 */; };
		8CC9CFEF20DE2030001B6F96 /* MusicChoiceController.swift in Sources */ = {isa = PBXBuildFile; fileRef = 8CC9CFE120DE202F001B6F96 /* MusicChoiceController.swift */; };
		8CC9CFF020DE2030001B6F96 /* MusicGame.swift in Sources */ = {isa = PBXBuildFile; fileRef = 8CC9CFE220DE202F001B6F96 /* MusicGame.swift */; };
		8CC9CFF120DE2030001B6F96 /* 000.mp3 in Resources */ = {isa = PBXBuildFile; fileRef = 8CC9CFE320DE2030001B6F96 /* 000.mp3 */; };
		8CC9CFF220DE2030001B6F96 /* GameMenuController.swift in Sources */ = {isa = PBXBuildFile; fileRef = 8CC9CFE420DE2030001B6F96 /* GameMenuController.swift */; };
		8CC9CFF320DE2030001B6F96 /* GuessGameController.swift in Sources */ = {isa = PBXBuildFile; fileRef = 8CC9CFE520DE2030001B6F96 /* GuessGameController.swift */; };
		8CC9CFF420DE2030001B6F96 /* TempoRecord.swift in Sources */ = {isa = PBXBuildFile; fileRef = 8CC9CFE620DE2030001B6F96 /* TempoRecord.swift */; };
/* End PBXBuildFile section */

/* Begin PBXFileReference section */
		3FAA8A9320BC0FD1006443FA /* AppDelegate.swift */ = {isa = PBXFileReference; lastKnownFileType = sourcecode.swift; path = AppDelegate.swift; sourceTree = "<group>"; };
		3FAA8A9A20BC0FD1006443FA /* Base */ = {isa = PBXFileReference; lastKnownFileType = file.storyboard; name = Base; path = Base.lproj/Main.storyboard; sourceTree = "<group>"; };
		3FAA8A9F20BC0FD2006443FA /* Base */ = {isa = PBXFileReference; lastKnownFileType = file.storyboard; name = Base; path = Base.lproj/LaunchScreen.storyboard; sourceTree = "<group>"; };
		3FAA8AA120BC0FD2006443FA /* Info.plist */ = {isa = PBXFileReference; lastKnownFileType = text.plist.xml; path = Info.plist; sourceTree = "<group>"; };
		8C0C5DEA20C17469004CBB13 /* MapViewController.swift */ = {isa = PBXFileReference; fileEncoding = 4; lastKnownFileType = sourcecode.swift; path = MapViewController.swift; sourceTree = "<group>"; };
		8C0C5DEC20C17499004CBB13 /* restaurantAnnotation.swift */ = {isa = PBXFileReference; fileEncoding = 4; lastKnownFileType = sourcecode.swift; path = restaurantAnnotation.swift; sourceTree = "<group>"; };
		8C0C5DF220C188E8004CBB13 /* selectView.swift */ = {isa = PBXFileReference; fileEncoding = 4; lastKnownFileType = sourcecode.swift; path = selectView.swift; sourceTree = "<group>"; };
		8C2F4DE420CAC36A007A752A /* Restaurant.swift */ = {isa = PBXFileReference; fileEncoding = 4; lastKnownFileType = sourcecode.swift; path = Restaurant.swift; sourceTree = "<group>"; };
		8C2F4DE520CAC36A007A752A /* Restaurants.txt */ = {isa = PBXFileReference; fileEncoding = 4; lastKnownFileType = text; path = Restaurants.txt; sourceTree = "<group>"; };
		8C2F4DE620CAC36A007A752A /* Contacts.txt */ = {isa = PBXFileReference; fileEncoding = 4; lastKnownFileType = text; path = Contacts.txt; sourceTree = "<group>"; };
		8C2F4DE820CAC36A007A752A /* database.xcdatamodel */ = {isa = PBXFileReference; lastKnownFileType = wrapper.xcdatamodel; path = database.xcdatamodel; sourceTree = "<group>"; };
		8C2F4DE920CAC36A007A752A /* table.swift */ = {isa = PBXFileReference; fileEncoding = 4; lastKnownFileType = sourcecode.swift; path = table.swift; sourceTree = "<group>"; };
		8C2F4DEA20CAC36A007A752A /* Tags.txt */ = {isa = PBXFileReference; fileEncoding = 4; lastKnownFileType = text; path = Tags.txt; sourceTree = "<group>"; };
		8C2F4DEB20CAC36B007A752A /* Opentime.txt */ = {isa = PBXFileReference; fileEncoding = 4; lastKnownFileType = text; path = Opentime.txt; sourceTree = "<group>"; };
		8C2F4DF320CAC378007A752A /* Restaurants+CoreDataClass.swift */ = {isa = PBXFileReference; fileEncoding = 4; lastKnownFileType = sourcecode.swift; path = "Restaurants+CoreDataClass.swift"; sourceTree = "<group>"; };
		8C2F4DF420CAC378007A752A /* Contacts+CoreDataClass.swift */ = {isa = PBXFileReference; fileEncoding = 4; lastKnownFileType = sourcecode.swift; path = "Contacts+CoreDataClass.swift"; sourceTree = "<group>"; };
		8C2F4DF520CAC378007A752A /* Opentime+CoreDataClass.swift */ = {isa = PBXFileReference; fileEncoding = 4; lastKnownFileType = sourcecode.swift; path = "Opentime+CoreDataClass.swift"; sourceTree = "<group>"; };
		8C2F4DF620CAC378007A752A /* Restaurants+CoreDataProperties.swift */ = {isa = PBXFileReference; fileEncoding = 4; lastKnownFileType = sourcecode.swift; path = "Restaurants+CoreDataProperties.swift"; sourceTree = "<group>"; };
		8C2F4DF720CAC378007A752A /* Tags+CoreDataClass.swift */ = {isa = PBXFileReference; fileEncoding = 4; lastKnownFileType = sourcecode.swift; path = "Tags+CoreDataClass.swift"; sourceTree = "<group>"; };
		8C2F4DF820CAC378007A752A /* Contacts+CoreDataProperties.swift */ = {isa = PBXFileReference; fileEncoding = 4; lastKnownFileType = sourcecode.swift; path = "Contacts+CoreDataProperties.swift"; sourceTree = "<group>"; };
		8C2F4DF920CAC378007A752A /* Tags+CoreDataProperties.swift */ = {isa = PBXFileReference; fileEncoding = 4; lastKnownFileType = sourcecode.swift; path = "Tags+CoreDataProperties.swift"; sourceTree = "<group>"; };
		8C2F4DFA20CAC378007A752A /* Opentime+CoreDataProperties.swift */ = {isa = PBXFileReference; fileEncoding = 4; lastKnownFileType = sourcecode.swift; path = "Opentime+CoreDataProperties.swift"; sourceTree = "<group>"; };
		8C2F4E2B20CC10BC007A752A /* RestaurantViewController.swift */ = {isa = PBXFileReference; lastKnownFileType = sourcecode.swift; path = RestaurantViewController.swift; sourceTree = "<group>"; };
		8CA5CB9220CD5FB30009E74D /* Assets.xcassets */ = {isa = PBXFileReference; lastKnownFileType = folder.assetcatalog; path = Assets.xcassets; sourceTree = "<group>"; };
		8CA5CB9420CD695C0009E74D /* RestaurantDetailViewController.swift */ = {isa = PBXFileReference; lastKnownFileType = sourcecode.swift; path = RestaurantDetailViewController.swift; sourceTree = "<group>"; };
		8CAC508C20C6CE0100DE17E5 /* Map.storyboard */ = {isa = PBXFileReference; fileEncoding = 4; lastKnownFileType = file.storyboard; path = Map.storyboard; sourceTree = "<group>"; };
		8CC85CE820DE9FA200D0F4B8 /* LifeApp.app */ = {isa = PBXFileReference; explicitFileType = wrapper.application; includeInIndex = 0; path = LifeApp.app; sourceTree = BUILT_PRODUCTS_DIR; };
		8CC85D2420DEA0BE00D0F4B8 /* Medicine2.txt */ = {isa = PBXFileReference; fileEncoding = 4; lastKnownFileType = text; path = Medicine2.txt; sourceTree = "<group>"; };
		8CC85D2520DEA0BE00D0F4B8 /* TestResultTableCell.swift */ = {isa = PBXFileReference; fileEncoding = 4; lastKnownFileType = sourcecode.swift; path = TestResultTableCell.swift; sourceTree = "<group>"; };
		8CC85D2620DEA0BE00D0F4B8 /* HealthRecordTableCell.swift */ = {isa = PBXFileReference; fileEncoding = 4; lastKnownFileType = sourcecode.swift; path = HealthRecordTableCell.swift; sourceTree = "<group>"; };
		8CC85D2720DEA0BE00D0F4B8 /* user.png */ = {isa = PBXFileReference; lastKnownFileType = image.png; path = user.png; sourceTree = "<group>"; };
		8CC85D2820DEA0BE00D0F4B8 /* TestResult.swift */ = {isa = PBXFileReference; fileEncoding = 4; lastKnownFileType = sourcecode.swift; path = TestResult.swift; sourceTree = "<group>"; };
		8CC85D2920DEA0BE00D0F4B8 /* HealthAnalysis.swift */ = {isa = PBXFileReference; fileEncoding = 4; lastKnownFileType = sourcecode.swift; path = HealthAnalysis.swift; sourceTree = "<group>"; };
		8CC85D2A20DEA0BE00D0F4B8 /* Question.swift */ = {isa = PBXFileReference; fileEncoding = 4; lastKnownFileType = sourcecode.swift; path = Question.swift; sourceTree = "<group>"; };
		8CC85D2B20DEA0BE00D0F4B8 /* HealthTest.swift */ = {isa = PBXFileReference; fileEncoding = 4; lastKnownFileType = sourcecode.swift; path = HealthTest.swift; sourceTree = "<group>"; };
		8CC85D2C20DEA0BE00D0F4B8 /* HealthAnalysisTableViewCell.swift */ = {isa = PBXFileReference; fileEncoding = 4; lastKnownFileType = sourcecode.swift; path = HealthAnalysisTableViewCell.swift; sourceTree = "<group>"; };
		8CC85D2D20DEA0BE00D0F4B8 /* Medicine3.txt */ = {isa = PBXFileReference; fileEncoding = 4; lastKnownFileType = text; path = Medicine3.txt; sourceTree = "<group>"; };
		8CC85D2E20DEA0BE00D0F4B8 /* Medicine.swift */ = {isa = PBXFileReference; fileEncoding = 4; lastKnownFileType = sourcecode.swift; path = Medicine.swift; sourceTree = "<group>"; };
		8CC85D2F20DEA0BF00D0F4B8 /* Record.swift */ = {isa = PBXFileReference; fileEncoding = 4; lastKnownFileType = sourcecode.swift; path = Record.swift; sourceTree = "<group>"; };
		8CC85D3020DEA0BF00D0F4B8 /* Medicine1.txt */ = {isa = PBXFileReference; fileEncoding = 4; lastKnownFileType = text; path = Medicine1.txt; sourceTree = "<group>"; };
		8CC85D3120DEA0BF00D0F4B8 /* Question2.txt */ = {isa = PBXFileReference; fileEncoding = 4; lastKnownFileType = text; path = Question2.txt; sourceTree = "<group>"; };
		8CC85D3220DEA0BF00D0F4B8 /* Question0.txt */ = {isa = PBXFileReference; fileEncoding = 4; lastKnownFileType = text; path = Question0.txt; sourceTree = "<group>"; };
		8CC85D3320DEA0BF00D0F4B8 /* userinfo.txt */ = {isa = PBXFileReference; fileEncoding = 4; lastKnownFileType = text; path = userinfo.txt; sourceTree = "<group>"; };
		8CC85D3420DEA0BF00D0F4B8 /* Test.swift */ = {isa = PBXFileReference; fileEncoding = 4; lastKnownFileType = sourcecode.swift; path = Test.swift; sourceTree = "<group>"; };
		8CC85D3520DEA0BF00D0F4B8 /* Health.storyboard */ = {isa = PBXFileReference; fileEncoding = 4; lastKnownFileType = file.storyboard; path = Health.storyboard; sourceTree = "<group>"; };
		8CC85D3620DEA0BF00D0F4B8 /* Medicine0.txt */ = {isa = PBXFileReference; fileEncoding = 4; lastKnownFileType = text; path = Medicine0.txt; sourceTree = "<group>"; };
		8CC85D3720DEA0BF00D0F4B8 /* HealthChoose.swift */ = {isa = PBXFileReference; fileEncoding = 4; lastKnownFileType = sourcecode.swift; path = HealthChoose.swift; sourceTree = "<group>"; };
		8CC85D3820DEA0BF00D0F4B8 /* Settings.swift */ = {isa = PBXFileReference; fileEncoding = 4; lastKnownFileType = sourcecode.swift; path = Settings.swift; sourceTree = "<group>"; };
		8CC85D3920DEA0BF00D0F4B8 /* User.swift */ = {isa = PBXFileReference; fileEncoding = 4; lastKnownFileType = sourcecode.swift; path = User.swift; sourceTree = "<group>"; };
		8CC85D3A20DEA0C000D0F4B8 /* HealthRecord.swift */ = {isa = PBXFileReference; fileEncoding = 4; lastKnownFileType = sourcecode.swift; path = HealthRecord.swift; sourceTree = "<group>"; };
		8CC85D3B20DEA0C000D0F4B8 /* Question3.txt */ = {isa = PBXFileReference; fileEncoding = 4; lastKnownFileType = text; path = Question3.txt; sourceTree = "<group>"; };
		8CC85D3C20DEA0C000D0F4B8 /* HealthSettingsTableViewCell.swift */ = {isa = PBXFileReference; fileEncoding = 4; lastKnownFileType = sourcecode.swift; path = HealthSettingsTableViewCell.swift; sourceTree = "<group>"; };
		8CC85D3D20DEA0C000D0F4B8 /* Question1.txt */ = {isa = PBXFileReference; fileEncoding = 4; lastKnownFileType = text; path = Question1.txt; sourceTree = "<group>"; };
		8CC85D3E20DEA0C000D0F4B8 /* Record.txt */ = {isa = PBXFileReference; fileEncoding = 4; lastKnownFileType = text; path = Record.txt; sourceTree = "<group>"; };
		8CC85D3F20DEA0C000D0F4B8 /* HealthHome.swift */ = {isa = PBXFileReference; fileEncoding = 4; lastKnownFileType = sourcecode.swift; path = HealthHome.swift; sourceTree = "<group>"; };
		8CC85D4020DEA0C000D0F4B8 /* HealthRecordTableViewCell.swift */ = {isa = PBXFileReference; fileEncoding = 4; lastKnownFileType = sourcecode.swift; path = HealthRecordTableViewCell.swift; sourceTree = "<group>"; };
		8CC85D5F20DEA58000D0F4B8 /* Adult0.txt */ = {isa = PBXFileReference; fileEncoding = 4; lastKnownFileType = text; path = Adult0.txt; sourceTree = "<group>"; };
		8CC85D6020DEA58000D0F4B8 /* Adult2.txt */ = {isa = PBXFileReference; fileEncoding = 4; lastKnownFileType = text; path = Adult2.txt; sourceTree = "<group>"; };
		8CC85D6120DEA58000D0F4B8 /* myFavorite.swift */ = {isa = PBXFileReference; fileEncoding = 4; lastKnownFileType = sourcecode.swift; path = myFavorite.swift; sourceTree = "<group>"; };
		8CC85D6220DEA58000D0F4B8 /* Pun2.txt */ = {isa = PBXFileReference; fileEncoding = 4; lastKnownFileType = text; path = Pun2.txt; sourceTree = "<group>"; };
		8CC85D6320DEA58000D0F4B8 /* QA.swift */ = {isa = PBXFileReference; fileEncoding = 4; lastKnownFileType = sourcecode.swift; path = QA.swift; sourceTree = "<group>"; };
		8CC85D6420DEA58000D0F4B8 /* QA1.txt */ = {isa = PBXFileReference; fileEncoding = 4; lastKnownFileType = text; path = QA1.txt; sourceTree = "<group>"; };
		8CC85D6520DEA58000D0F4B8 /* Metaphor2.txt */ = {isa = PBXFileReference; fileEncoding = 4; lastKnownFileType = text; path = Metaphor2.txt; sourceTree = "<group>"; };
		8CC85D6620DEA58000D0F4B8 /* Metaphor1.txt */ = {isa = PBXFileReference; fileEncoding = 4; lastKnownFileType = text; path = Metaphor1.txt; sourceTree = "<group>"; };
		8CC85D6720DEA58000D0F4B8 /* Joke.storyboard */ = {isa = PBXFileReference; fileEncoding = 4; lastKnownFileType = file.storyboard; path = Joke.storyboard; sourceTree = "<group>"; };
		8CC85D6820DEA58100D0F4B8 /* Joke.swift */ = {isa = PBXFileReference; fileEncoding = 4; lastKnownFileType = sourcecode.swift; path = Joke.swift; sourceTree = "<group>"; };
		8CC85D6920DEA58100D0F4B8 /* QA2.txt */ = {isa = PBXFileReference; fileEncoding = 4; lastKnownFileType = text; path = QA2.txt; sourceTree = "<group>"; };
		8CC85D6A20DEA58100D0F4B8 /* JokeTest.swift */ = {isa = PBXFileReference; fileEncoding = 4; lastKnownFileType = sourcecode.swift; path = JokeTest.swift; sourceTree = "<group>"; };
		8CC85D6B20DEA58100D0F4B8 /* Pun1.txt */ = {isa = PBXFileReference; fileEncoding = 4; lastKnownFileType = text; path = Pun1.txt; sourceTree = "<group>"; };
		8CC85D6C20DEA58100D0F4B8 /* JokeType.swift */ = {isa = PBXFileReference; fileEncoding = 4; lastKnownFileType = sourcecode.swift; path = JokeType.swift; sourceTree = "<group>"; };
		8CC85D6D20DEA58100D0F4B8 /* QA0.txt */ = {isa = PBXFileReference; fileEncoding = 4; lastKnownFileType = text; path = QA0.txt; sourceTree = "<group>"; };
		8CC85D6E20DEA58100D0F4B8 /* JokeViewController.swift */ = {isa = PBXFileReference; fileEncoding = 4; lastKnownFileType = sourcecode.swift; path = JokeViewController.swift; sourceTree = "<group>"; };
		8CC85D6F20DEA58100D0F4B8 /* Metaphor0.txt */ = {isa = PBXFileReference; fileEncoding = 4; lastKnownFileType = text; path = Metaphor0.txt; sourceTree = "<group>"; };
		8CC85D7020DEA58100D0F4B8 /* Edit.swift */ = {isa = PBXFileReference; fileEncoding = 4; lastKnownFileType = sourcecode.swift; path = Edit.swift; sourceTree = "<group>"; };
		8CC85D7120DEA58100D0F4B8 /* Pun0.txt */ = {isa = PBXFileReference; fileEncoding = 4; lastKnownFileType = text; path = Pun0.txt; sourceTree = "<group>"; };
		8CC85D7220DEA58200D0F4B8 /* Adult1.txt */ = {isa = PBXFileReference; fileEncoding = 4; lastKnownFileType = text; path = Adult1.txt; sourceTree = "<group>"; };
		8CC9CFD020DE1E0D001B6F96 /* MusicPlayerClass.swift */ = {isa = PBXFileReference; fileEncoding = 4; lastKnownFileType = sourcecode.swift; path = MusicPlayerClass.swift; sourceTree = "<group>"; };
		8CC9CFD120DE1E0D001B6F96 /* Music.storyboard */ = {isa = PBXFileReference; fileEncoding = 4; lastKnownFileType = file.storyboard; path = Music.storyboard; sourceTree = "<group>"; };
		8CC9CFD220DE1E0D001B6F96 /* MusicViewController.swift */ = {isa = PBXFileReference; fileEncoding = 4; lastKnownFileType = sourcecode.swift; path = MusicViewController.swift; sourceTree = "<group>"; };
		8CC9CFD320DE1E0D001B6F96 /* musicPlayerController.swift */ = {isa = PBXFileReference; fileEncoding = 4; lastKnownFileType = sourcecode.swift; path = musicPlayerController.swift; sourceTree = "<group>"; };
		8CC9CFD920DE202E001B6F96 /* TepoGameMenu.swift */ = {isa = PBXFileReference; fileEncoding = 4; lastKnownFileType = sourcecode.swift; path = TepoGameMenu.swift; sourceTree = "<group>"; };
		8CC9CFDA20DE202F001B6F96 /* GuessRecord.swift */ = {isa = PBXFileReference; fileEncoding = 4; lastKnownFileType = sourcecode.swift; path = GuessRecord.swift; sourceTree = "<group>"; };
		8CC9CFDB20DE202F001B6F96 /* GuessGameData.swift */ = {isa = PBXFileReference; fileEncoding = 4; lastKnownFileType = sourcecode.swift; path = GuessGameData.swift; sourceTree = "<group>"; };
		8CC9CFDC20DE202F001B6F96 /* Game.storyboard */ = {isa = PBXFileReference; fileEncoding = 4; lastKnownFileType = file.storyboard; path = Game.storyboard; sourceTree = "<group>"; };
		8CC9CFDD20DE202F001B6F96 /* MusicChoice.swift */ = {isa = PBXFileReference; fileEncoding = 4; lastKnownFileType = sourcecode.swift; path = MusicChoice.swift; sourceTree = "<group>"; };
		8CC9CFDE20DE202F001B6F96 /* MusicGameOperation.swift */ = {isa = PBXFileReference; fileEncoding = 4; lastKnownFileType = sourcecode.swift; path = MusicGameOperation.swift; sourceTree = "<group>"; };
		8CC9CFDF20DE202F001B6F96 /* 001.mp3 */ = {isa = PBXFileReference; lastKnownFileType = audio.mp3; path = 001.mp3; sourceTree = "<group>"; };
		8CC9CFE020DE202F001B6F96 /* 002.mp3 */ = {isa = PBXFileReference; lastKnownFileType = audio.mp3; path = 002.mp3; sourceTree = "<group>"; };
		8CC9CFE120DE202F001B6F96 /* MusicChoiceController.swift */ = {isa = PBXFileReference; fileEncoding = 4; lastKnownFileType = sourcecode.swift; path = MusicChoiceController.swift; sourceTree = "<group>"; };
		8CC9CFE220DE202F001B6F96 /* MusicGame.swift */ = {isa = PBXFileReference; fileEncoding = 4; lastKnownFileType = sourcecode.swift; path = MusicGame.swift; sourceTree = "<group>"; };
		8CC9CFE320DE2030001B6F96 /* 000.mp3 */ = {isa = PBXFileReference; lastKnownFileType = audio.mp3; path = 000.mp3; sourceTree = "<group>"; };
		8CC9CFE420DE2030001B6F96 /* GameMenuController.swift */ = {isa = PBXFileReference; fileEncoding = 4; lastKnownFileType = sourcecode.swift; path = GameMenuController.swift; sourceTree = "<group>"; };
		8CC9CFE520DE2030001B6F96 /* GuessGameController.swift */ = {isa = PBXFileReference; fileEncoding = 4; lastKnownFileType = sourcecode.swift; path = GuessGameController.swift; sourceTree = "<group>"; };
		8CC9CFE620DE2030001B6F96 /* TempoRecord.swift */ = {isa = PBXFileReference; fileEncoding = 4; lastKnownFileType = sourcecode.swift; path = TempoRecord.swift; sourceTree = "<group>"; };
/* End PBXFileReference section */

/* Begin PBXFrameworksBuildPhase section */
		3FAA8A8D20BC0FD1006443FA /* Frameworks */ = {
			isa = PBXFrameworksBuildPhase;
			buildActionMask = 2147483647;
			files = (
			);
			runOnlyForDeploymentPostprocessing = 0;
		};
/* End PBXFrameworksBuildPhase section */

/* Begin PBXGroup section */
		3FAA8A8720BC0FD1006443FA = {
			isa = PBXGroup;
			children = (
				3FAA8A9220BC0FD1006443FA /* LifeApp */,
			);
			sourceTree = "<group>";
		};
		3FAA8A9120BC0FD1006443FA /* Products */ = {
			isa = PBXGroup;
			children = (
				8CC85CE820DE9FA200D0F4B8 /* LifeApp.app */,
			);
			name = Products;
			path = ..;
			sourceTree = "<group>";
		};
		3FAA8A9220BC0FD1006443FA /* LifeApp */ = {
			isa = PBXGroup;
			children = (
				3FAA8A9320BC0FD1006443FA /* AppDelegate.swift */,
				8CC85D8820DEA5B200D0F4B8 /* Joke */,
				8CC85D5E20DEA0D900D0F4B8 /* Health */,
				8CC9CFF520DE2040001B6F96 /* Game */,
				8CC9CFD820DE1E13001B6F96 /* Music */,
				8C03894820C402DF004D2D11 /* Map */,
				3FAA8A9920BC0FD1006443FA /* Main.storyboard */,
				3FAA8A9E20BC0FD2006443FA /* LaunchScreen.storyboard */,
				3FAA8AA120BC0FD2006443FA /* Info.plist */,
				8CA5CB9220CD5FB30009E74D /* Assets.xcassets */,
				3FAA8A9120BC0FD1006443FA /* Products */,
			);
			path = LifeApp;
			sourceTree = "<group>";
		};
		8C03894820C402DF004D2D11 /* Map */ = {
			isa = PBXGroup;
			children = (
				8C2F4DF420CAC378007A752A /* Contacts+CoreDataClass.swift */,
				8C2F4DF820CAC378007A752A /* Contacts+CoreDataProperties.swift */,
				8C2F4DF520CAC378007A752A /* Opentime+CoreDataClass.swift */,
				8C2F4DFA20CAC378007A752A /* Opentime+CoreDataProperties.swift */,
				8C2F4DF320CAC378007A752A /* Restaurants+CoreDataClass.swift */,
				8C2F4DF620CAC378007A752A /* Restaurants+CoreDataProperties.swift */,
				8C2F4DF720CAC378007A752A /* Tags+CoreDataClass.swift */,
				8C2F4DF920CAC378007A752A /* Tags+CoreDataProperties.swift */,
				8C2F4DE520CAC36A007A752A /* Restaurants.txt */,
				8C2F4DEA20CAC36A007A752A /* Tags.txt */,
				8C2F4DE620CAC36A007A752A /* Contacts.txt */,
				8C2F4DEB20CAC36B007A752A /* Opentime.txt */,
				8C2F4DE720CAC36A007A752A /* database.xcdatamodeld */,
				8C2F4DE420CAC36A007A752A /* Restaurant.swift */,
				8C0C5DEC20C17499004CBB13 /* restaurantAnnotation.swift */,
				8C2F4DE920CAC36A007A752A /* table.swift */,
				8CAC508C20C6CE0100DE17E5 /* Map.storyboard */,
				8C0C5DEA20C17469004CBB13 /* MapViewController.swift */,
				8C0C5DF220C188E8004CBB13 /* selectView.swift */,
				8C2F4E2B20CC10BC007A752A /* RestaurantViewController.swift */,
				8CA5CB9420CD695C0009E74D /* RestaurantDetailViewController.swift */,
			);
			path = Map;
			sourceTree = "<group>";
		};
		8CC85D5E20DEA0D900D0F4B8 /* Health */ = {
			isa = PBXGroup;
			children = (
				8CC85D3520DEA0BF00D0F4B8 /* Health.storyboard */,
				8CC85D2920DEA0BE00D0F4B8 /* HealthAnalysis.swift */,
				8CC85D2C20DEA0BE00D0F4B8 /* HealthAnalysisTableViewCell.swift */,
				8CC85D3720DEA0BF00D0F4B8 /* HealthChoose.swift */,
				8CC85D3F20DEA0C000D0F4B8 /* HealthHome.swift */,
				8CC85D3A20DEA0C000D0F4B8 /* HealthRecord.swift */,
				8CC85D2620DEA0BE00D0F4B8 /* HealthRecordTableCell.swift */,
				8CC85D4020DEA0C000D0F4B8 /* HealthRecordTableViewCell.swift */,
				8CC85D3C20DEA0C000D0F4B8 /* HealthSettingsTableViewCell.swift */,
				8CC85D2B20DEA0BE00D0F4B8 /* HealthTest.swift */,
				8CC85D2E20DEA0BE00D0F4B8 /* Medicine.swift */,
				8CC85D3620DEA0BF00D0F4B8 /* Medicine0.txt */,
				8CC85D3020DEA0BF00D0F4B8 /* Medicine1.txt */,
				8CC85D2420DEA0BE00D0F4B8 /* Medicine2.txt */,
				8CC85D2D20DEA0BE00D0F4B8 /* Medicine3.txt */,
				8CC85D2A20DEA0BE00D0F4B8 /* Question.swift */,
				8CC85D3220DEA0BF00D0F4B8 /* Question0.txt */,
				8CC85D3D20DEA0C000D0F4B8 /* Question1.txt */,
				8CC85D3120DEA0BF00D0F4B8 /* Question2.txt */,
				8CC85D3B20DEA0C000D0F4B8 /* Question3.txt */,
				8CC85D2F20DEA0BF00D0F4B8 /* Record.swift */,
				8CC85D3E20DEA0C000D0F4B8 /* Record.txt */,
				8CC85D3820DEA0BF00D0F4B8 /* Settings.swift */,
				8CC85D3420DEA0BF00D0F4B8 /* Test.swift */,
				8CC85D2820DEA0BE00D0F4B8 /* TestResult.swift */,
				8CC85D2520DEA0BE00D0F4B8 /* TestResultTableCell.swift */,
				8CC85D2720DEA0BE00D0F4B8 /* user.png */,
				8CC85D3920DEA0BF00D0F4B8 /* User.swift */,
				8CC85D3320DEA0BF00D0F4B8 /* userinfo.txt */,
			);
			path = Health;
			sourceTree = "<group>";
		};
		8CC85D8820DEA5B200D0F4B8 /* Joke */ = {
			isa = PBXGroup;
			children = (
				8CC85D5F20DEA58000D0F4B8 /* Adult0.txt */,
				8CC85D7220DEA58200D0F4B8 /* Adult1.txt */,
				8CC85D6020DEA58000D0F4B8 /* Adult2.txt */,
				8CC85D7020DEA58100D0F4B8 /* Edit.swift */,
				8CC85D6720DEA58000D0F4B8 /* Joke.storyboard */,
				8CC85D6820DEA58100D0F4B8 /* Joke.swift */,
				8CC85D6A20DEA58100D0F4B8 /* JokeTest.swift */,
				8CC85D6C20DEA58100D0F4B8 /* JokeType.swift */,
				8CC85D6E20DEA58100D0F4B8 /* JokeViewController.swift */,
				8CC85D6F20DEA58100D0F4B8 /* Metaphor0.txt */,
				8CC85D6620DEA58000D0F4B8 /* Metaphor1.txt */,
				8CC85D6520DEA58000D0F4B8 /* Metaphor2.txt */,
				8CC85D6120DEA58000D0F4B8 /* myFavorite.swift */,
				8CC85D7120DEA58100D0F4B8 /* Pun0.txt */,
				8CC85D6B20DEA58100D0F4B8 /* Pun1.txt */,
				8CC85D6220DEA58000D0F4B8 /* Pun2.txt */,
				8CC85D6320DEA58000D0F4B8 /* QA.swift */,
				8CC85D6D20DEA58100D0F4B8 /* QA0.txt */,
				8CC85D6420DEA58000D0F4B8 /* QA1.txt */,
				8CC85D6920DEA58100D0F4B8 /* QA2.txt */,
			);
			path = Joke;
			sourceTree = "<group>";
		};
		8CC9CFD820DE1E13001B6F96 /* Music */ = {
			isa = PBXGroup;
			children = (
				8CC9CFD120DE1E0D001B6F96 /* Music.storyboard */,
				8CC9CFD020DE1E0D001B6F96 /* MusicPlayerClass.swift */,
				8CC9CFD320DE1E0D001B6F96 /* musicPlayerController.swift */,
				8CC9CFD220DE1E0D001B6F96 /* MusicViewController.swift */,
			);
			path = Music;
			sourceTree = "<group>";
		};
		8CC9CFF520DE2040001B6F96 /* Game */ = {
			isa = PBXGroup;
			children = (
				8CC9CFE320DE2030001B6F96 /* 000.mp3 */,
				8CC9CFDF20DE202F001B6F96 /* 001.mp3 */,
				8CC9CFE020DE202F001B6F96 /* 002.mp3 */,
				8CC9CFDC20DE202F001B6F96 /* Game.storyboard */,
				8CC9CFE420DE2030001B6F96 /* GameMenuController.swift */,
				8CC9CFE520DE2030001B6F96 /* GuessGameController.swift */,
				8CC9CFDB20DE202F001B6F96 /* GuessGameData.swift */,
				8CC9CFDA20DE202F001B6F96 /* GuessRecord.swift */,
				8CC9CFDD20DE202F001B6F96 /* MusicChoice.swift */,
				8CC9CFE120DE202F001B6F96 /* MusicChoiceController.swift */,
				8CC9CFE220DE202F001B6F96 /* MusicGame.swift */,
				8CC9CFDE20DE202F001B6F96 /* MusicGameOperation.swift */,
				8CC9CFE620DE2030001B6F96 /* TempoRecord.swift */,
				8CC9CFD920DE202E001B6F96 /* TepoGameMenu.swift */,
			);
			path = Game;
			sourceTree = "<group>";
		};
/* End PBXGroup section */

/* Begin PBXNativeTarget section */
		3FAA8A8F20BC0FD1006443FA /* LifeApp */ = {
			isa = PBXNativeTarget;
			buildConfigurationList = 3FAA8AA420BC0FD2006443FA /* Build configuration list for PBXNativeTarget "LifeApp" */;
			buildPhases = (
				3FAA8A8C20BC0FD1006443FA /* Sources */,
				3FAA8A8D20BC0FD1006443FA /* Frameworks */,
				3FAA8A8E20BC0FD1006443FA /* Resources */,
			);
			buildRules = (
			);
			dependencies = (
			);
			name = LifeApp;
			productName = LifeApp;
			productReference = 8CC85CE820DE9FA200D0F4B8 /* LifeApp.app */;
			productType = "com.apple.product-type.application";
		};
/* End PBXNativeTarget section */

/* Begin PBXProject section */
		3FAA8A8820BC0FD1006443FA /* Project object */ = {
			isa = PBXProject;
			attributes = {
				LastSwiftUpdateCheck = 0930;
				LastUpgradeCheck = 0930;
				ORGANIZATIONNAME = Student;
				TargetAttributes = {
					3FAA8A8F20BC0FD1006443FA = {
						CreatedOnToolsVersion = 9.3;
					};
				};
			};
			buildConfigurationList = 3FAA8A8B20BC0FD1006443FA /* Build configuration list for PBXProject "LifeApp" */;
			compatibilityVersion = "Xcode 9.3";
			developmentRegion = en;
			hasScannedForEncodings = 0;
			knownRegions = (
				en,
				Base,
			);
			mainGroup = 3FAA8A8720BC0FD1006443FA;
			productRefGroup = 3FAA8A9120BC0FD1006443FA /* Products */;
			projectDirPath = "";
			projectRoot = "";
			targets = (
				3FAA8A8F20BC0FD1006443FA /* LifeApp */,
			);
		};
/* End PBXProject section */

/* Begin PBXResourcesBuildPhase section */
		3FAA8A8E20BC0FD1006443FA /* Resources */ = {
			isa = PBXResourcesBuildPhase;
			buildActionMask = 2147483647;
			files = (
				8CC9CFED20DE2030001B6F96 /* 001.mp3 in Resources */,
				8CC85D4420DEA0C000D0F4B8 /* user.png in Resources */,
				8CC85D7A20DEA58200D0F4B8 /* Metaphor1.txt in Resources */,
				8CC85D5820DEA0C000D0F4B8 /* Question3.txt in Resources */,
				8CC85D5220DEA0C000D0F4B8 /* Health.storyboard in Resources */,
				8CC85D4A20DEA0C000D0F4B8 /* Medicine3.txt in Resources */,
				8CC85D7D20DEA58200D0F4B8 /* QA2.txt in Resources */,
				8CC85D5020DEA0C000D0F4B8 /* userinfo.txt in Resources */,
				8CC85D7F20DEA58200D0F4B8 /* Pun1.txt in Resources */,
				8CC85D5320DEA0C000D0F4B8 /* Medicine0.txt in Resources */,
				8CC85D8120DEA58200D0F4B8 /* QA0.txt in Resources */,
				8CC85D8320DEA58200D0F4B8 /* Metaphor0.txt in Resources */,
				8CC85D7420DEA58200D0F4B8 /* Adult2.txt in Resources */,
				8CAC508D20C6CE0100DE17E5 /* Map.storyboard in Resources */,
				8CC9CFEE20DE2030001B6F96 /* 002.mp3 in Resources */,
				8C2F4DF120CAC36B007A752A /* Tags.txt in Resources */,
				8CC85D5B20DEA0C000D0F4B8 /* Record.txt in Resources */,
				8CC85D4120DEA0C000D0F4B8 /* Medicine2.txt in Resources */,
				8CC9CFD520DE1E0D001B6F96 /* Music.storyboard in Resources */,
				8CC85D8520DEA58200D0F4B8 /* Pun0.txt in Resources */,
				8CC85D7B20DEA58200D0F4B8 /* Joke.storyboard in Resources */,
				8CC9CFF120DE2030001B6F96 /* 000.mp3 in Resources */,
				8CC85D7620DEA58200D0F4B8 /* Pun2.txt in Resources */,
				8CC85D7320DEA58200D0F4B8 /* Adult0.txt in Resources */,
				8CC85D7820DEA58200D0F4B8 /* QA1.txt in Resources */,
				8CC85D5A20DEA0C000D0F4B8 /* Question1.txt in Resources */,
				8CA5CB9320CD5FB30009E74D /* Assets.xcassets in Resources */,
				8CC85D4E20DEA0C000D0F4B8 /* Question2.txt in Resources */,
				3FAA8AA020BC0FD2006443FA /* LaunchScreen.storyboard in Resources */,
				8CC85D8620DEA58200D0F4B8 /* Adult1.txt in Resources */,
				8C2F4DEE20CAC36B007A752A /* Contacts.txt in Resources */,
				8CC85D4D20DEA0C000D0F4B8 /* Medicine1.txt in Resources */,
				3FAA8A9B20BC0FD1006443FA /* Main.storyboard in Resources */,
				8C2F4DF220CAC36B007A752A /* Opentime.txt in Resources */,
				8CC9CFEA20DE2030001B6F96 /* Game.storyboard in Resources */,
				8C2F4DED20CAC36B007A752A /* Restaurants.txt in Resources */,
				8CC85D4F20DEA0C000D0F4B8 /* Question0.txt in Resources */,
				8CC85D7920DEA58200D0F4B8 /* Metaphor2.txt in Resources */,
			);
			runOnlyForDeploymentPostprocessing = 0;
		};
/* End PBXResourcesBuildPhase section */

/* Begin PBXSourcesBuildPhase section */
		3FAA8A8C20BC0FD1006443FA /* Sources */ = {
			isa = PBXSourcesBuildPhase;
			buildActionMask = 2147483647;
			files = (
				8CC9CFE720DE2030001B6F96 /* TepoGameMenu.swift in Sources */,
				8CC85D7720DEA58200D0F4B8 /* QA.swift in Sources */,
				8CC85D4B20DEA0C000D0F4B8 /* Medicine.swift in Sources */,
				8CC85D4C20DEA0C000D0F4B8 /* Record.swift in Sources */,
				8C2F4DEC20CAC36B007A752A /* Restaurant.swift in Sources */,
				8CC85D5120DEA0C000D0F4B8 /* Test.swift in Sources */,
				8C2F4DF020CAC36B007A752A /* table.swift in Sources */,
				8CC9CFF020DE2030001B6F96 /* MusicGame.swift in Sources */,
				8CC9CFF420DE2030001B6F96 /* TempoRecord.swift in Sources */,
				8CC9CFF320DE2030001B6F96 /* GuessGameController.swift in Sources */,
				8CC85D5420DEA0C000D0F4B8 /* HealthChoose.swift in Sources */,
				3FAA8A9420BC0FD1006443FA /* AppDelegate.swift in Sources */,
				8CC85D4220DEA0C000D0F4B8 /* TestResultTableCell.swift in Sources */,
				8CC85D5C20DEA0C000D0F4B8 /* HealthHome.swift in Sources */,
				8C2F4DFF20CAC378007A752A /* Tags+CoreDataClass.swift in Sources */,
				8CC85D5D20DEA0C000D0F4B8 /* HealthRecordTableViewCell.swift in Sources */,
				8CC9CFD620DE1E0D001B6F96 /* MusicViewController.swift in Sources */,
				8CA5CB9520CD695C0009E74D /* RestaurantDetailViewController.swift in Sources */,
				8CC85D7520DEA58200D0F4B8 /* myFavorite.swift in Sources */,
				8CC9CFEF20DE2030001B6F96 /* MusicChoiceController.swift in Sources */,
				8CC85D4620DEA0C000D0F4B8 /* HealthAnalysis.swift in Sources */,
				8CC85D4820DEA0C000D0F4B8 /* HealthTest.swift in Sources */,
				8CC9CFEB20DE2030001B6F96 /* MusicChoice.swift in Sources */,
				8CC85D7E20DEA58200D0F4B8 /* JokeTest.swift in Sources */,
				8CC85D4520DEA0C000D0F4B8 /* TestResult.swift in Sources */,
				8C0C5DED20C17499004CBB13 /* restaurantAnnotation.swift in Sources */,
				8CC9CFE820DE2030001B6F96 /* GuessRecord.swift in Sources */,
				8CC85D8220DEA58200D0F4B8 /* JokeViewController.swift in Sources */,
				8CC9CFD720DE1E0D001B6F96 /* musicPlayerController.swift in Sources */,
				8C0C5DF320C188E8004CBB13 /* selectView.swift in Sources */,
				8CC9CFEC20DE2030001B6F96 /* MusicGameOperation.swift in Sources */,
				8C2F4DEF20CAC36B007A752A /* database.xcdatamodeld in Sources */,
				8CC9CFE920DE2030001B6F96 /* GuessGameData.swift in Sources */,
				8CC85D8020DEA58200D0F4B8 /* JokeType.swift in Sources */,
				8CC85D5520DEA0C000D0F4B8 /* Settings.swift in Sources */,
				8C2F4DFC20CAC378007A752A /* Contacts+CoreDataClass.swift in Sources */,
				8C2F4E0120CAC378007A752A /* Tags+CoreDataProperties.swift in Sources */,
				8C2F4DFE20CAC378007A752A /* Restaurants+CoreDataProperties.swift in Sources */,
				8CC85D5720DEA0C000D0F4B8 /* HealthRecord.swift in Sources */,
				8C2F4DFB20CAC378007A752A /* Restaurants+CoreDataClass.swift in Sources */,
				8CC85D4920DEA0C000D0F4B8 /* HealthAnalysisTableViewCell.swift in Sources */,
				8CC85D5620DEA0C000D0F4B8 /* User.swift in Sources */,
				8C2F4DFD20CAC378007A752A /* Opentime+CoreDataClass.swift in Sources */,
				8C0C5DEB20C17469004CBB13 /* MapViewController.swift in Sources */,
				8C2F4E2C20CC10BC007A752A /* RestaurantViewController.swift in Sources */,
				8CC85D4320DEA0C000D0F4B8 /* HealthRecordTableCell.swift in Sources */,
				8CC9CFD420DE1E0D001B6F96 /* MusicPlayerClass.swift in Sources */,
				8C2F4E0220CAC378007A752A /* Opentime+CoreDataProperties.swift in Sources */,
				8CC85D5920DEA0C000D0F4B8 /* HealthSettingsTableViewCell.swift in Sources */,
				8CC85D7C20DEA58200D0F4B8 /* Joke.swift in Sources */,
				8CC85D4720DEA0C000D0F4B8 /* Question.swift in Sources */,
				8CC9CFF220DE2030001B6F96 /* GameMenuController.swift in Sources */,
				8C2F4E0020CAC378007A752A /* Contacts+CoreDataProperties.swift in Sources */,
				8CC85D8420DEA58200D0F4B8 /* Edit.swift in Sources */,
			);
			runOnlyForDeploymentPostprocessing = 0;
		};
/* End PBXSourcesBuildPhase section */

/* Begin PBXVariantGroup section */
		3FAA8A9920BC0FD1006443FA /* Main.storyboard */ = {
			isa = PBXVariantGroup;
			children = (
				3FAA8A9A20BC0FD1006443FA /* Base */,
			);
			name = Main.storyboard;
			sourceTree = "<group>";
		};
		3FAA8A9E20BC0FD2006443FA /* LaunchScreen.storyboard */ = {
			isa = PBXVariantGroup;
			children = (
				3FAA8A9F20BC0FD2006443FA /* Base */,
			);
			name = LaunchScreen.storyboard;
			sourceTree = "<group>";
		};
/* End PBXVariantGroup section */

/* Begin XCBuildConfiguration section */
		3FAA8AA220BC0FD2006443FA /* Debug */ = {
			isa = XCBuildConfiguration;
			buildSettings = {
				ALWAYS_SEARCH_USER_PATHS = NO;
				CLANG_ANALYZER_NONNULL = YES;
				CLANG_ANALYZER_NUMBER_OBJECT_CONVERSION = YES_AGGRESSIVE;
				CLANG_CXX_LANGUAGE_STANDARD = "gnu++14";
				CLANG_CXX_LIBRARY = "libc++";
				CLANG_ENABLE_MODULES = YES;
				CLANG_ENABLE_OBJC_ARC = YES;
				CLANG_ENABLE_OBJC_WEAK = YES;
				CLANG_WARN_BLOCK_CAPTURE_AUTORELEASING = YES;
				CLANG_WARN_BOOL_CONVERSION = YES;
				CLANG_WARN_COMMA = YES;
				CLANG_WARN_CONSTANT_CONVERSION = YES;
				CLANG_WARN_DEPRECATED_OBJC_IMPLEMENTATIONS = YES;
				CLANG_WARN_DIRECT_OBJC_ISA_USAGE = YES_ERROR;
				CLANG_WARN_DOCUMENTATION_COMMENTS = YES;
				CLANG_WARN_EMPTY_BODY = YES;
				CLANG_WARN_ENUM_CONVERSION = YES;
				CLANG_WARN_INFINITE_RECURSION = YES;
				CLANG_WARN_INT_CONVERSION = YES;
				CLANG_WARN_NON_LITERAL_NULL_CONVERSION = YES;
				CLANG_WARN_OBJC_IMPLICIT_RETAIN_SELF = YES;
				CLANG_WARN_OBJC_LITERAL_CONVERSION = YES;
				CLANG_WARN_OBJC_ROOT_CLASS = YES_ERROR;
				CLANG_WARN_RANGE_LOOP_ANALYSIS = YES;
				CLANG_WARN_STRICT_PROTOTYPES = YES;
				CLANG_WARN_SUSPICIOUS_MOVE = YES;
				CLANG_WARN_UNGUARDED_AVAILABILITY = YES_AGGRESSIVE;
				CLANG_WARN_UNREACHABLE_CODE = YES;
				CLANG_WARN__DUPLICATE_METHOD_MATCH = YES;
				CODE_SIGN_IDENTITY = "iPhone Developer";
				COPY_PHASE_STRIP = NO;
				DEBUG_INFORMATION_FORMAT = dwarf;
				ENABLE_STRICT_OBJC_MSGSEND = YES;
				ENABLE_TESTABILITY = YES;
				GCC_C_LANGUAGE_STANDARD = gnu11;
				GCC_DYNAMIC_NO_PIC = NO;
				GCC_NO_COMMON_BLOCKS = YES;
				GCC_OPTIMIZATION_LEVEL = 0;
				GCC_PREPROCESSOR_DEFINITIONS = (
					"DEBUG=1",
					"$(inherited)",
				);
				GCC_WARN_64_TO_32_BIT_CONVERSION = YES;
				GCC_WARN_ABOUT_RETURN_TYPE = YES_ERROR;
				GCC_WARN_UNDECLARED_SELECTOR = YES;
				GCC_WARN_UNINITIALIZED_AUTOS = YES_AGGRESSIVE;
				GCC_WARN_UNUSED_FUNCTION = YES;
				GCC_WARN_UNUSED_VARIABLE = YES;
				IPHONEOS_DEPLOYMENT_TARGET = 11.3;
				MTL_ENABLE_DEBUG_INFO = YES;
				ONLY_ACTIVE_ARCH = YES;
				SDKROOT = iphoneos;
				SWIFT_ACTIVE_COMPILATION_CONDITIONS = DEBUG;
				SWIFT_OPTIMIZATION_LEVEL = "-Onone";
			};
			name = Debug;
		};
		3FAA8AA320BC0FD2006443FA /* Release */ = {
			isa = XCBuildConfiguration;
			buildSettings = {
				ALWAYS_SEARCH_USER_PATHS = NO;
				CLANG_ANALYZER_NONNULL = YES;
				CLANG_ANALYZER_NUMBER_OBJECT_CONVERSION = YES_AGGRESSIVE;
				CLANG_CXX_LANGUAGE_STANDARD = "gnu++14";
				CLANG_CXX_LIBRARY = "libc++";
				CLANG_ENABLE_MODULES = YES;
				CLANG_ENABLE_OBJC_ARC = YES;
				CLANG_ENABLE_OBJC_WEAK = YES;
				CLANG_WARN_BLOCK_CAPTURE_AUTORELEASING = YES;
				CLANG_WARN_BOOL_CONVERSION = YES;
				CLANG_WARN_COMMA = YES;
				CLANG_WARN_CONSTANT_CONVERSION = YES;
				CLANG_WARN_DEPRECATED_OBJC_IMPLEMENTATIONS = YES;
				CLANG_WARN_DIRECT_OBJC_ISA_USAGE = YES_ERROR;
				CLANG_WARN_DOCUMENTATION_COMMENTS = YES;
				CLANG_WARN_EMPTY_BODY = YES;
				CLANG_WARN_ENUM_CONVERSION = YES;
				CLANG_WARN_INFINITE_RECURSION = YES;
				CLANG_WARN_INT_CONVERSION = YES;
				CLANG_WARN_NON_LITERAL_NULL_CONVERSION = YES;
				CLANG_WARN_OBJC_IMPLICIT_RETAIN_SELF = YES;
				CLANG_WARN_OBJC_LITERAL_CONVERSION = YES;
				CLANG_WARN_OBJC_ROOT_CLASS = YES_ERROR;
				CLANG_WARN_RANGE_LOOP_ANALYSIS = YES;
				CLANG_WARN_STRICT_PROTOTYPES = YES;
				CLANG_WARN_SUSPICIOUS_MOVE = YES;
				CLANG_WARN_UNGUARDED_AVAILABILITY = YES_AGGRESSIVE;
				CLANG_WARN_UNREACHABLE_CODE = YES;
				CLANG_WARN__DUPLICATE_METHOD_MATCH = YES;
				CODE_SIGN_IDENTITY = "iPhone Developer";
				COPY_PHASE_STRIP = NO;
				DEBUG_INFORMATION_FORMAT = "dwarf-with-dsym";
				ENABLE_NS_ASSERTIONS = NO;
				ENABLE_STRICT_OBJC_MSGSEND = YES;
				GCC_C_LANGUAGE_STANDARD = gnu11;
				GCC_NO_COMMON_BLOCKS = YES;
				GCC_WARN_64_TO_32_BIT_CONVERSION = YES;
				GCC_WARN_ABOUT_RETURN_TYPE = YES_ERROR;
				GCC_WARN_UNDECLARED_SELECTOR = YES;
				GCC_WARN_UNINITIALIZED_AUTOS = YES_AGGRESSIVE;
				GCC_WARN_UNUSED_FUNCTION = YES;
				GCC_WARN_UNUSED_VARIABLE = YES;
				IPHONEOS_DEPLOYMENT_TARGET = 11.3;
				MTL_ENABLE_DEBUG_INFO = NO;
				SDKROOT = iphoneos;
				SWIFT_COMPILATION_MODE = wholemodule;
				SWIFT_OPTIMIZATION_LEVEL = "-O";
				VALIDATE_PRODUCT = YES;
			};
			name = Release;
		};
		3FAA8AA520BC0FD2006443FA /* Debug */ = {
			isa = XCBuildConfiguration;
			buildSettings = {
				ASSETCATALOG_COMPILER_APPICON_NAME = AppIcon;
				CODE_SIGN_STYLE = Automatic;
				DEVELOPMENT_TEAM = DE2266XAH6;
				INFOPLIST_FILE = LifeApp/Info.plist;
				LD_RUNPATH_SEARCH_PATHS = (
					"$(inherited)",
					"@executable_path/Frameworks",
				);
				PRODUCT_BUNDLE_IDENTIFIER = lifeapp.dororo;
				PRODUCT_NAME = "$(TARGET_NAME)";
				SWIFT_VERSION = 4.0;
				TARGETED_DEVICE_FAMILY = "1,2";
			};
			name = Debug;
		};
		3FAA8AA620BC0FD2006443FA /* Release */ = {
			isa = XCBuildConfiguration;
			buildSettings = {
				ASSETCATALOG_COMPILER_APPICON_NAME = AppIcon;
				CODE_SIGN_STYLE = Automatic;
				DEVELOPMENT_TEAM = DE2266XAH6;
				INFOPLIST_FILE = LifeApp/Info.plist;
				LD_RUNPATH_SEARCH_PATHS = (
					"$(inherited)",
					"@executable_path/Frameworks",
				);
				PRODUCT_BUNDLE_IDENTIFIER = lifeapp.dororo;
				PRODUCT_NAME = "$(TARGET_NAME)";
				SWIFT_VERSION = 4.0;
				TARGETED_DEVICE_FAMILY = "1,2";
			};
			name = Release;
		};
/* End XCBuildConfiguration section */

/* Begin XCConfigurationList section */
		3FAA8A8B20BC0FD1006443FA /* Build configuration list for PBXProject "LifeApp" */ = {
			isa = XCConfigurationList;
			buildConfigurations = (
				3FAA8AA220BC0FD2006443FA /* Debug */,
				3FAA8AA320BC0FD2006443FA /* Release */,
			);
			defaultConfigurationIsVisible = 0;
			defaultConfigurationName = Release;
		};
		3FAA8AA420BC0FD2006443FA /* Build configuration list for PBXNativeTarget "LifeApp" */ = {
			isa = XCConfigurationList;
			buildConfigurations = (
				3FAA8AA520BC0FD2006443FA /* Debug */,
				3FAA8AA620BC0FD2006443FA /* Release */,
			);
			defaultConfigurationIsVisible = 0;
			defaultConfigurationName = Release;
		};
/* End XCConfigurationList section */

/* Begin XCVersionGroup section */
		8C2F4DE720CAC36A007A752A /* database.xcdatamodeld */ = {
			isa = XCVersionGroup;
			children = (
				8C2F4DE820CAC36A007A752A /* database.xcdatamodel */,
			);
			currentVersion = 8C2F4DE820CAC36A007A752A /* database.xcdatamodel */;
			path = database.xcdatamodeld;
			sourceTree = "<group>";
			versionGroupType = wrapper.xcdatamodel;
		};
/* End XCVersionGroup section */
	};
	rootObject = 3FAA8A8820BC0FD1006443FA /* Project object */;
}
