// !$*UTF8*$!
{
	archiveVersion = 1;
	classes = {
	};
	objectVersion = 50;
	objects = {

/* Begin PBXBuildFile section */
		3FAA8A9420BC0FD1006443FA /* AppDelegate.swift in Sources */ = {isa = PBXBuildFile; fileRef = 3FAA8A9320BC0FD1006443FA /* AppDelegate.swift */; };
		3FAA8A9B20BC0FD1006443FA /* Main.storyboard in Resources */ = {isa = PBXBuildFile; fileRef = 3FAA8A9920BC0FD1006443FA /* Main.storyboard */; };
		3FAA8A9D20BC0FD2006443FA /* Assets.xcassets in Resources */ = {isa = PBXBuildFile; fileRef = 3FAA8A9C20BC0FD2006443FA /* Assets.xcassets */; };
		3FAA8AA020BC0FD2006443FA /* LaunchScreen.storyboard in Resources */ = {isa = PBXBuildFile; fileRef = 3FAA8A9E20BC0FD2006443FA /* LaunchScreen.storyboard */; };
		8C0C5DEB20C17469004CBB13 /* MapViewController.swift in Sources */ = {isa = PBXBuildFile; fileRef = 8C0C5DEA20C17469004CBB13 /* MapViewController.swift */; };
		8C0C5DED20C17499004CBB13 /* restaurantAnnotation.swift in Sources */ = {isa = PBXBuildFile; fileRef = 8C0C5DEC20C17499004CBB13 /* restaurantAnnotation.swift */; };
		8C0C5DF320C188E8004CBB13 /* selectView.swift in Sources */ = {isa = PBXBuildFile; fileRef = 8C0C5DF220C188E8004CBB13 /* selectView.swift */; };
		8C7BB24420C7FEF100F3AC26 /* Game.storyboard in Resources */ = {isa = PBXBuildFile; fileRef = 8C7BB24020C7FEF100F3AC26 /* Game.storyboard */; };
		8C7BB24520C7FEF100F3AC26 /* TepoGameMenu.swift in Sources */ = {isa = PBXBuildFile; fileRef = 8C7BB24120C7FEF100F3AC26 /* TepoGameMenu.swift */; };
		8C7BB24620C7FEF100F3AC26 /* GuessGameController.swift in Sources */ = {isa = PBXBuildFile; fileRef = 8C7BB24220C7FEF100F3AC26 /* GuessGameController.swift */; };
		8C7BB24720C7FEF100F3AC26 /* GameMenuController.swift in Sources */ = {isa = PBXBuildFile; fileRef = 8C7BB24320C7FEF100F3AC26 /* GameMenuController.swift */; };
		8C7BB24D20C7FFC000F3AC26 /* musicPlayerController.swift in Sources */ = {isa = PBXBuildFile; fileRef = 8C7BB24920C7FFBF00F3AC26 /* musicPlayerController.swift */; };
		8C7BB24E20C7FFC000F3AC26 /* Music.storyboard in Resources */ = {isa = PBXBuildFile; fileRef = 8C7BB24A20C7FFBF00F3AC26 /* Music.storyboard */; };
		8C7BB24F20C7FFC000F3AC26 /* MusicViewController.swift in Sources */ = {isa = PBXBuildFile; fileRef = 8C7BB24B20C7FFBF00F3AC26 /* MusicViewController.swift */; };
		8C7BB25020C7FFC000F3AC26 /* ISeeFire.mp3 in Resources */ = {isa = PBXBuildFile; fileRef = 8C7BB24C20C7FFC000F3AC26 /* ISeeFire.mp3 */; };
		8C7BB25920C82C6000F3AC26 /* HealthRecord.swift in Sources */ = {isa = PBXBuildFile; fileRef = 8C7BB25220C82C5F00F3AC26 /* HealthRecord.swift */; };
		8C7BB25A20C82C6000F3AC26 /* HealthTest.swift in Sources */ = {isa = PBXBuildFile; fileRef = 8C7BB25320C82C5F00F3AC26 /* HealthTest.swift */; };
		8C7BB25B20C82C6000F3AC26 /* HealthAnalysis.swift in Sources */ = {isa = PBXBuildFile; fileRef = 8C7BB25420C82C6000F3AC26 /* HealthAnalysis.swift */; };
		8C7BB25C20C82C6000F3AC26 /* Health.storyboard in Resources */ = {isa = PBXBuildFile; fileRef = 8C7BB25520C82C6000F3AC26 /* Health.storyboard */; };
		8C7BB25D20C82C6000F3AC26 /* HealthChoose.swift in Sources */ = {isa = PBXBuildFile; fileRef = 8C7BB25620C82C6000F3AC26 /* HealthChoose.swift */; };
		8C7BB25E20C82C6000F3AC26 /* HealthHome.swift in Sources */ = {isa = PBXBuildFile; fileRef = 8C7BB25720C82C6000F3AC26 /* HealthHome.swift */; };
		8C7BB25F20C82C6000F3AC26 /* Settings.swift in Sources */ = {isa = PBXBuildFile; fileRef = 8C7BB25820C82C6000F3AC26 /* Settings.swift */; };
		8C7BB26A20C8317400F3AC26 /* Joke.swift in Sources */ = {isa = PBXBuildFile; fileRef = 8C7BB26120C8317300F3AC26 /* Joke.swift */; };
		8C7BB26B20C8317400F3AC26 /* History.swift in Sources */ = {isa = PBXBuildFile; fileRef = 8C7BB26220C8317300F3AC26 /* History.swift */; };
		8C7BB26C20C8317400F3AC26 /* JokeTest.swift in Sources */ = {isa = PBXBuildFile; fileRef = 8C7BB26320C8317300F3AC26 /* JokeTest.swift */; };
		8C7BB26D20C8317400F3AC26 /* Joke.storyboard in Resources */ = {isa = PBXBuildFile; fileRef = 8C7BB26420C8317300F3AC26 /* Joke.storyboard */; };
		8C7BB26E20C8317400F3AC26 /* JokeType.swift in Sources */ = {isa = PBXBuildFile; fileRef = 8C7BB26520C8317300F3AC26 /* JokeType.swift */; };
		8C7BB26F20C8317400F3AC26 /* JokeViewController.swift in Sources */ = {isa = PBXBuildFile; fileRef = 8C7BB26620C8317300F3AC26 /* JokeViewController.swift */; };
		8C7BB27020C8317400F3AC26 /* addNew.swift in Sources */ = {isa = PBXBuildFile; fileRef = 8C7BB26720C8317400F3AC26 /* addNew.swift */; };
		8C7BB27120C8317400F3AC26 /* myFavorite.swift in Sources */ = {isa = PBXBuildFile; fileRef = 8C7BB26820C8317400F3AC26 /* myFavorite.swift */; };
		8C7BB27220C8317400F3AC26 /* QA.swift in Sources */ = {isa = PBXBuildFile; fileRef = 8C7BB26920C8317400F3AC26 /* QA.swift */; };
		8CAC508D20C6CE0100DE17E5 /* Map.storyboard in Resources */ = {isa = PBXBuildFile; fileRef = 8CAC508C20C6CE0100DE17E5 /* Map.storyboard */; };
/* End PBXBuildFile section */

/* Begin PBXFileReference section */
		3FAA8A9020BC0FD1006443FA /* LifeApp.app */ = {isa = PBXFileReference; explicitFileType = wrapper.application; includeInIndex = 0; path = LifeApp.app; sourceTree = BUILT_PRODUCTS_DIR; };
		3FAA8A9320BC0FD1006443FA /* AppDelegate.swift */ = {isa = PBXFileReference; lastKnownFileType = sourcecode.swift; path = AppDelegate.swift; sourceTree = "<group>"; };
		3FAA8A9A20BC0FD1006443FA /* Base */ = {isa = PBXFileReference; lastKnownFileType = file.storyboard; name = Base; path = Base.lproj/Main.storyboard; sourceTree = "<group>"; };
		3FAA8A9C20BC0FD2006443FA /* Assets.xcassets */ = {isa = PBXFileReference; lastKnownFileType = folder.assetcatalog; path = Assets.xcassets; sourceTree = "<group>"; };
		3FAA8A9F20BC0FD2006443FA /* Base */ = {isa = PBXFileReference; lastKnownFileType = file.storyboard; name = Base; path = Base.lproj/LaunchScreen.storyboard; sourceTree = "<group>"; };
		3FAA8AA120BC0FD2006443FA /* Info.plist */ = {isa = PBXFileReference; lastKnownFileType = text.plist.xml; path = Info.plist; sourceTree = "<group>"; };
		8C0C5DEA20C17469004CBB13 /* MapViewController.swift */ = {isa = PBXFileReference; fileEncoding = 4; lastKnownFileType = sourcecode.swift; path = MapViewController.swift; sourceTree = "<group>"; };
		8C0C5DEC20C17499004CBB13 /* restaurantAnnotation.swift */ = {isa = PBXFileReference; fileEncoding = 4; lastKnownFileType = sourcecode.swift; path = restaurantAnnotation.swift; sourceTree = "<group>"; };
		8C0C5DF220C188E8004CBB13 /* selectView.swift */ = {isa = PBXFileReference; fileEncoding = 4; lastKnownFileType = sourcecode.swift; path = selectView.swift; sourceTree = "<group>"; };
		8C7BB24020C7FEF100F3AC26 /* Game.storyboard */ = {isa = PBXFileReference; fileEncoding = 4; lastKnownFileType = file.storyboard; path = Game.storyboard; sourceTree = "<group>"; };
		8C7BB24120C7FEF100F3AC26 /* TepoGameMenu.swift */ = {isa = PBXFileReference; fileEncoding = 4; lastKnownFileType = sourcecode.swift; path = TepoGameMenu.swift; sourceTree = "<group>"; };
		8C7BB24220C7FEF100F3AC26 /* GuessGameController.swift */ = {isa = PBXFileReference; fileEncoding = 4; lastKnownFileType = sourcecode.swift; path = GuessGameController.swift; sourceTree = "<group>"; };
		8C7BB24320C7FEF100F3AC26 /* GameMenuController.swift */ = {isa = PBXFileReference; fileEncoding = 4; lastKnownFileType = sourcecode.swift; path = GameMenuController.swift; sourceTree = "<group>"; };
		8C7BB24920C7FFBF00F3AC26 /* musicPlayerController.swift */ = {isa = PBXFileReference; fileEncoding = 4; lastKnownFileType = sourcecode.swift; path = musicPlayerController.swift; sourceTree = "<group>"; };
		8C7BB24A20C7FFBF00F3AC26 /* Music.storyboard */ = {isa = PBXFileReference; fileEncoding = 4; lastKnownFileType = file.storyboard; path = Music.storyboard; sourceTree = "<group>"; };
		8C7BB24B20C7FFBF00F3AC26 /* MusicViewController.swift */ = {isa = PBXFileReference; fileEncoding = 4; lastKnownFileType = sourcecode.swift; path = MusicViewController.swift; sourceTree = "<group>"; };
		8C7BB24C20C7FFC000F3AC26 /* ISeeFire.mp3 */ = {isa = PBXFileReference; lastKnownFileType = audio.mp3; path = ISeeFire.mp3; sourceTree = "<group>"; };
		8C7BB25220C82C5F00F3AC26 /* HealthRecord.swift */ = {isa = PBXFileReference; fileEncoding = 4; lastKnownFileType = sourcecode.swift; path = HealthRecord.swift; sourceTree = "<group>"; };
		8C7BB25320C82C5F00F3AC26 /* HealthTest.swift */ = {isa = PBXFileReference; fileEncoding = 4; lastKnownFileType = sourcecode.swift; path = HealthTest.swift; sourceTree = "<group>"; };
		8C7BB25420C82C6000F3AC26 /* HealthAnalysis.swift */ = {isa = PBXFileReference; fileEncoding = 4; lastKnownFileType = sourcecode.swift; path = HealthAnalysis.swift; sourceTree = "<group>"; };
		8C7BB25520C82C6000F3AC26 /* Health.storyboard */ = {isa = PBXFileReference; fileEncoding = 4; lastKnownFileType = file.storyboard; path = Health.storyboard; sourceTree = "<group>"; };
		8C7BB25620C82C6000F3AC26 /* HealthChoose.swift */ = {isa = PBXFileReference; fileEncoding = 4; lastKnownFileType = sourcecode.swift; path = HealthChoose.swift; sourceTree = "<group>"; };
		8C7BB25720C82C6000F3AC26 /* HealthHome.swift */ = {isa = PBXFileReference; fileEncoding = 4; lastKnownFileType = sourcecode.swift; path = HealthHome.swift; sourceTree = "<group>"; };
		8C7BB25820C82C6000F3AC26 /* Settings.swift */ = {isa = PBXFileReference; fileEncoding = 4; lastKnownFileType = sourcecode.swift; path = Settings.swift; sourceTree = "<group>"; };
		8C7BB26120C8317300F3AC26 /* Joke.swift */ = {isa = PBXFileReference; fileEncoding = 4; lastKnownFileType = sourcecode.swift; path = Joke.swift; sourceTree = "<group>"; };
		8C7BB26220C8317300F3AC26 /* History.swift */ = {isa = PBXFileReference; fileEncoding = 4; lastKnownFileType = sourcecode.swift; path = History.swift; sourceTree = "<group>"; };
		8C7BB26320C8317300F3AC26 /* JokeTest.swift */ = {isa = PBXFileReference; fileEncoding = 4; lastKnownFileType = sourcecode.swift; path = JokeTest.swift; sourceTree = "<group>"; };
		8C7BB26420C8317300F3AC26 /* Joke.storyboard */ = {isa = PBXFileReference; fileEncoding = 4; lastKnownFileType = file.storyboard; path = Joke.storyboard; sourceTree = "<group>"; };
		8C7BB26520C8317300F3AC26 /* JokeType.swift */ = {isa = PBXFileReference; fileEncoding = 4; lastKnownFileType = sourcecode.swift; path = JokeType.swift; sourceTree = "<group>"; };
		8C7BB26620C8317300F3AC26 /* JokeViewController.swift */ = {isa = PBXFileReference; fileEncoding = 4; lastKnownFileType = sourcecode.swift; path = JokeViewController.swift; sourceTree = "<group>"; };
		8C7BB26720C8317400F3AC26 /* addNew.swift */ = {isa = PBXFileReference; fileEncoding = 4; lastKnownFileType = sourcecode.swift; path = addNew.swift; sourceTree = "<group>"; };
		8C7BB26820C8317400F3AC26 /* myFavorite.swift */ = {isa = PBXFileReference; fileEncoding = 4; lastKnownFileType = sourcecode.swift; path = myFavorite.swift; sourceTree = "<group>"; };
		8C7BB26920C8317400F3AC26 /* QA.swift */ = {isa = PBXFileReference; fileEncoding = 4; lastKnownFileType = sourcecode.swift; path = QA.swift; sourceTree = "<group>"; };
		8CAC508C20C6CE0100DE17E5 /* Map.storyboard */ = {isa = PBXFileReference; fileEncoding = 4; lastKnownFileType = file.storyboard; path = Map.storyboard; sourceTree = "<group>"; };
/* End PBXFileReference section */

/* Begin PBXFrameworksBuildPhase section */
		3FAA8A8D20BC0FD1006443FA /* Frameworks */ = {
			isa = PBXFrameworksBuildPhase;
			buildActionMask = 2147483647;
			files = (
			);
			runOnlyForDeploymentPostprocessing = 0;
		};
/* End PBXFrameworksBuildPhase section */

/* Begin PBXGroup section */
		3FAA8A8720BC0FD1006443FA = {
			isa = PBXGroup;
			children = (
				3FAA8A9220BC0FD1006443FA /* LifeApp */,
			);
			sourceTree = "<group>";
		};
		3FAA8A9120BC0FD1006443FA /* Products */ = {
			isa = PBXGroup;
			children = (
				3FAA8A9020BC0FD1006443FA /* LifeApp.app */,
			);
			name = Products;
			path = ..;
			sourceTree = "<group>";
		};
		3FAA8A9220BC0FD1006443FA /* LifeApp */ = {
			isa = PBXGroup;
			children = (
				3FAA8A9320BC0FD1006443FA /* AppDelegate.swift */,
				8C7BB25120C7FFCC00F3AC26 /* Music */,
				8C7BB27320C8318700F3AC26 /* Joke */,
				8C7BB26020C82C6800F3AC26 /* Health */,
				8C7BB24820C7FEF700F3AC26 /* Game */,
				8C03894820C402DF004D2D11 /* Map */,
				3FAA8A9920BC0FD1006443FA /* Main.storyboard */,
				3FAA8A9C20BC0FD2006443FA /* Assets.xcassets */,
				3FAA8A9E20BC0FD2006443FA /* LaunchScreen.storyboard */,
				3FAA8AA120BC0FD2006443FA /* Info.plist */,
				3FAA8A9120BC0FD1006443FA /* Products */,
			);
			path = LifeApp;
			sourceTree = "<group>";
		};
		8C03894820C402DF004D2D11 /* Map */ = {
			isa = PBXGroup;
			children = (
				8C0C5DEC20C17499004CBB13 /* restaurantAnnotation.swift */,
				8CAC508C20C6CE0100DE17E5 /* Map.storyboard */,
				8C0C5DEA20C17469004CBB13 /* MapViewController.swift */,
				8C0C5DF220C188E8004CBB13 /* selectView.swift */,
			);
			path = Map;
			sourceTree = "<group>";
		};
		8C7BB24820C7FEF700F3AC26 /* Game */ = {
			isa = PBXGroup;
			children = (
				8C7BB24020C7FEF100F3AC26 /* Game.storyboard */,
				8C7BB24320C7FEF100F3AC26 /* GameMenuController.swift */,
				8C7BB24220C7FEF100F3AC26 /* GuessGameController.swift */,
				8C7BB24120C7FEF100F3AC26 /* TepoGameMenu.swift */,
			);
			path = Game;
			sourceTree = "<group>";
		};
		8C7BB25120C7FFCC00F3AC26 /* Music */ = {
			isa = PBXGroup;
			children = (
				8C7BB24C20C7FFC000F3AC26 /* ISeeFire.mp3 */,
				8C7BB24A20C7FFBF00F3AC26 /* Music.storyboard */,
				8C7BB24920C7FFBF00F3AC26 /* musicPlayerController.swift */,
				8C7BB24B20C7FFBF00F3AC26 /* MusicViewController.swift */,
			);
			path = Music;
			sourceTree = "<group>";
		};
		8C7BB26020C82C6800F3AC26 /* Health */ = {
			isa = PBXGroup;
			children = (
				8C7BB25520C82C6000F3AC26 /* Health.storyboard */,
				8C7BB25420C82C6000F3AC26 /* HealthAnalysis.swift */,
				8C7BB25620C82C6000F3AC26 /* HealthChoose.swift */,
				8C7BB25720C82C6000F3AC26 /* HealthHome.swift */,
				8C7BB25220C82C5F00F3AC26 /* HealthRecord.swift */,
				8C7BB25320C82C5F00F3AC26 /* HealthTest.swift */,
				8C7BB25820C82C6000F3AC26 /* Settings.swift */,
			);
			path = Health;
			sourceTree = "<group>";
		};
		8C7BB27320C8318700F3AC26 /* Joke */ = {
			isa = PBXGroup;
			children = (
				8C7BB26720C8317400F3AC26 /* addNew.swift */,
				8C7BB26220C8317300F3AC26 /* History.swift */,
				8C7BB26420C8317300F3AC26 /* Joke.storyboard */,
				8C7BB26120C8317300F3AC26 /* Joke.swift */,
				8C7BB26320C8317300F3AC26 /* JokeTest.swift */,
				8C7BB26520C8317300F3AC26 /* JokeType.swift */,
				8C7BB26620C8317300F3AC26 /* JokeViewController.swift */,
				8C7BB26820C8317400F3AC26 /* myFavorite.swift */,
				8C7BB26920C8317400F3AC26 /* QA.swift */,
			);
			path = Joke;
			sourceTree = "<group>";
		};
/* End PBXGroup section */

/* Begin PBXNativeTarget section */
		3FAA8A8F20BC0FD1006443FA /* LifeApp */ = {
			isa = PBXNativeTarget;
			buildConfigurationList = 3FAA8AA420BC0FD2006443FA /* Build configuration list for PBXNativeTarget "LifeApp" */;
			buildPhases = (
				3FAA8A8C20BC0FD1006443FA /* Sources */,
				3FAA8A8D20BC0FD1006443FA /* Frameworks */,
				3FAA8A8E20BC0FD1006443FA /* Resources */,
			);
			buildRules = (
			);
			dependencies = (
			);
			name = LifeApp;
			productName = LifeApp;
			productReference = 3FAA8A9020BC0FD1006443FA /* LifeApp.app */;
			productType = "com.apple.product-type.application";
		};
/* End PBXNativeTarget section */

/* Begin PBXProject section */
		3FAA8A8820BC0FD1006443FA /* Project object */ = {
			isa = PBXProject;
			attributes = {
				LastSwiftUpdateCheck = 0930;
				LastUpgradeCheck = 0930;
				ORGANIZATIONNAME = Student;
				TargetAttributes = {
					3FAA8A8F20BC0FD1006443FA = {
						CreatedOnToolsVersion = 9.3;
					};
				};
			};
			buildConfigurationList = 3FAA8A8B20BC0FD1006443FA /* Build configuration list for PBXProject "LifeApp" */;
			compatibilityVersion = "Xcode 9.3";
			developmentRegion = en;
			hasScannedForEncodings = 0;
			knownRegions = (
				en,
				Base,
			);
			mainGroup = 3FAA8A8720BC0FD1006443FA;
			productRefGroup = 3FAA8A9120BC0FD1006443FA /* Products */;
			projectDirPath = "";
			projectRoot = "";
			targets = (
				3FAA8A8F20BC0FD1006443FA /* LifeApp */,
			);
		};
/* End PBXProject section */

/* Begin PBXResourcesBuildPhase section */
		3FAA8A8E20BC0FD1006443FA /* Resources */ = {
			isa = PBXResourcesBuildPhase;
			buildActionMask = 2147483647;
			files = (
				8C7BB26D20C8317400F3AC26 /* Joke.storyboard in Resources */,
				8C7BB24E20C7FFC000F3AC26 /* Music.storyboard in Resources */,
				8C7BB24420C7FEF100F3AC26 /* Game.storyboard in Resources */,
				8CAC508D20C6CE0100DE17E5 /* Map.storyboard in Resources */,
				3FAA8AA020BC0FD2006443FA /* LaunchScreen.storyboard in Resources */,
				3FAA8A9D20BC0FD2006443FA /* Assets.xcassets in Resources */,
				8C7BB25C20C82C6000F3AC26 /* Health.storyboard in Resources */,
				3FAA8A9B20BC0FD1006443FA /* Main.storyboard in Resources */,
				8C7BB25020C7FFC000F3AC26 /* ISeeFire.mp3 in Resources */,
			);
			runOnlyForDeploymentPostprocessing = 0;
		};
/* End PBXResourcesBuildPhase section */

/* Begin PBXSourcesBuildPhase section */
		3FAA8A8C20BC0FD1006443FA /* Sources */ = {
			isa = PBXSourcesBuildPhase;
			buildActionMask = 2147483647;
			files = (
				8C7BB26B20C8317400F3AC26 /* History.swift in Sources */,
				8C7BB24520C7FEF100F3AC26 /* TepoGameMenu.swift in Sources */,
				8C7BB26C20C8317400F3AC26 /* JokeTest.swift in Sources */,
				8C7BB27120C8317400F3AC26 /* myFavorite.swift in Sources */,
				8C7BB25D20C82C6000F3AC26 /* HealthChoose.swift in Sources */,
				3FAA8A9420BC0FD1006443FA /* AppDelegate.swift in Sources */,
				8C0C5DED20C17499004CBB13 /* restaurantAnnotation.swift in Sources */,
				8C7BB25F20C82C6000F3AC26 /* Settings.swift in Sources */,
				8C7BB27220C8317400F3AC26 /* QA.swift in Sources */,
				8C7BB25920C82C6000F3AC26 /* HealthRecord.swift in Sources */,
				8C7BB25B20C82C6000F3AC26 /* HealthAnalysis.swift in Sources */,
				8C7BB25A20C82C6000F3AC26 /* HealthTest.swift in Sources */,
				8C7BB24720C7FEF100F3AC26 /* GameMenuController.swift in Sources */,
				8C7BB24D20C7FFC000F3AC26 /* musicPlayerController.swift in Sources */,
				8C0C5DF320C188E8004CBB13 /* selectView.swift in Sources */,
				8C7BB27020C8317400F3AC26 /* addNew.swift in Sources */,
				8C7BB24F20C7FFC000F3AC26 /* MusicViewController.swift in Sources */,
				8C7BB26E20C8317400F3AC26 /* JokeType.swift in Sources */,
				8C7BB26F20C8317400F3AC26 /* JokeViewController.swift in Sources */,
				8C7BB25E20C82C6000F3AC26 /* HealthHome.swift in Sources */,
				8C7BB24620C7FEF100F3AC26 /* GuessGameController.swift in Sources */,
				8C7BB26A20C8317400F3AC26 /* Joke.swift in Sources */,
				8C0C5DEB20C17469004CBB13 /* MapViewController.swift in Sources */,
			);
			runOnlyForDeploymentPostprocessing = 0;
		};
/* End PBXSourcesBuildPhase section */

/* Begin PBXVariantGroup section */
		3FAA8A9920BC0FD1006443FA /* Main.storyboard */ = {
			isa = PBXVariantGroup;
			children = (
				3FAA8A9A20BC0FD1006443FA /* Base */,
			);
			name = Main.storyboard;
			sourceTree = "<group>";
		};
		3FAA8A9E20BC0FD2006443FA /* LaunchScreen.storyboard */ = {
			isa = PBXVariantGroup;
			children = (
				3FAA8A9F20BC0FD2006443FA /* Base */,
			);
			name = LaunchScreen.storyboard;
			sourceTree = "<group>";
		};
/* End PBXVariantGroup section */

/* Begin XCBuildConfiguration section */
		3FAA8AA220BC0FD2006443FA /* Debug */ = {
			isa = XCBuildConfiguration;
			buildSettings = {
				ALWAYS_SEARCH_USER_PATHS = NO;
				CLANG_ANALYZER_NONNULL = YES;
				CLANG_ANALYZER_NUMBER_OBJECT_CONVERSION = YES_AGGRESSIVE;
				CLANG_CXX_LANGUAGE_STANDARD = "gnu++14";
				CLANG_CXX_LIBRARY = "libc++";
				CLANG_ENABLE_MODULES = YES;
				CLANG_ENABLE_OBJC_ARC = YES;
				CLANG_ENABLE_OBJC_WEAK = YES;
				CLANG_WARN_BLOCK_CAPTURE_AUTORELEASING = YES;
				CLANG_WARN_BOOL_CONVERSION = YES;
				CLANG_WARN_COMMA = YES;
				CLANG_WARN_CONSTANT_CONVERSION = YES;
				CLANG_WARN_DEPRECATED_OBJC_IMPLEMENTATIONS = YES;
				CLANG_WARN_DIRECT_OBJC_ISA_USAGE = YES_ERROR;
				CLANG_WARN_DOCUMENTATION_COMMENTS = YES;
				CLANG_WARN_EMPTY_BODY = YES;
				CLANG_WARN_ENUM_CONVERSION = YES;
				CLANG_WARN_INFINITE_RECURSION = YES;
				CLANG_WARN_INT_CONVERSION = YES;
				CLANG_WARN_NON_LITERAL_NULL_CONVERSION = YES;
				CLANG_WARN_OBJC_IMPLICIT_RETAIN_SELF = YES;
				CLANG_WARN_OBJC_LITERAL_CONVERSION = YES;
				CLANG_WARN_OBJC_ROOT_CLASS = YES_ERROR;
				CLANG_WARN_RANGE_LOOP_ANALYSIS = YES;
				CLANG_WARN_STRICT_PROTOTYPES = YES;
				CLANG_WARN_SUSPICIOUS_MOVE = YES;
				CLANG_WARN_UNGUARDED_AVAILABILITY = YES_AGGRESSIVE;
				CLANG_WARN_UNREACHABLE_CODE = YES;
				CLANG_WARN__DUPLICATE_METHOD_MATCH = YES;
				CODE_SIGN_IDENTITY = "iPhone Developer";
				COPY_PHASE_STRIP = NO;
				DEBUG_INFORMATION_FORMAT = dwarf;
				ENABLE_STRICT_OBJC_MSGSEND = YES;
				ENABLE_TESTABILITY = YES;
				GCC_C_LANGUAGE_STANDARD = gnu11;
				GCC_DYNAMIC_NO_PIC = NO;
				GCC_NO_COMMON_BLOCKS = YES;
				GCC_OPTIMIZATION_LEVEL = 0;
				GCC_PREPROCESSOR_DEFINITIONS = (
					"DEBUG=1",
					"$(inherited)",
				);
				GCC_WARN_64_TO_32_BIT_CONVERSION = YES;
				GCC_WARN_ABOUT_RETURN_TYPE = YES_ERROR;
				GCC_WARN_UNDECLARED_SELECTOR = YES;
				GCC_WARN_UNINITIALIZED_AUTOS = YES_AGGRESSIVE;
				GCC_WARN_UNUSED_FUNCTION = YES;
				GCC_WARN_UNUSED_VARIABLE = YES;
				IPHONEOS_DEPLOYMENT_TARGET = 11.3;
				MTL_ENABLE_DEBUG_INFO = YES;
				ONLY_ACTIVE_ARCH = YES;
				SDKROOT = iphoneos;
				SWIFT_ACTIVE_COMPILATION_CONDITIONS = DEBUG;
				SWIFT_OPTIMIZATION_LEVEL = "-Onone";
			};
			name = Debug;
		};
		3FAA8AA320BC0FD2006443FA /* Release */ = {
			isa = XCBuildConfiguration;
			buildSettings = {
				ALWAYS_SEARCH_USER_PATHS = NO;
				CLANG_ANALYZER_NONNULL = YES;
				CLANG_ANALYZER_NUMBER_OBJECT_CONVERSION = YES_AGGRESSIVE;
				CLANG_CXX_LANGUAGE_STANDARD = "gnu++14";
				CLANG_CXX_LIBRARY = "libc++";
				CLANG_ENABLE_MODULES = YES;
				CLANG_ENABLE_OBJC_ARC = YES;
				CLANG_ENABLE_OBJC_WEAK = YES;
				CLANG_WARN_BLOCK_CAPTURE_AUTORELEASING = YES;
				CLANG_WARN_BOOL_CONVERSION = YES;
				CLANG_WARN_COMMA = YES;
				CLANG_WARN_CONSTANT_CONVERSION = YES;
				CLANG_WARN_DEPRECATED_OBJC_IMPLEMENTATIONS = YES;
				CLANG_WARN_DIRECT_OBJC_ISA_USAGE = YES_ERROR;
				CLANG_WARN_DOCUMENTATION_COMMENTS = YES;
				CLANG_WARN_EMPTY_BODY = YES;
				CLANG_WARN_ENUM_CONVERSION = YES;
				CLANG_WARN_INFINITE_RECURSION = YES;
				CLANG_WARN_INT_CONVERSION = YES;
				CLANG_WARN_NON_LITERAL_NULL_CONVERSION = YES;
				CLANG_WARN_OBJC_IMPLICIT_RETAIN_SELF = YES;
				CLANG_WARN_OBJC_LITERAL_CONVERSION = YES;
				CLANG_WARN_OBJC_ROOT_CLASS = YES_ERROR;
				CLANG_WARN_RANGE_LOOP_ANALYSIS = YES;
				CLANG_WARN_STRICT_PROTOTYPES = YES;
				CLANG_WARN_SUSPICIOUS_MOVE = YES;
				CLANG_WARN_UNGUARDED_AVAILABILITY = YES_AGGRESSIVE;
				CLANG_WARN_UNREACHABLE_CODE = YES;
				CLANG_WARN__DUPLICATE_METHOD_MATCH = YES;
				CODE_SIGN_IDENTITY = "iPhone Developer";
				COPY_PHASE_STRIP = NO;
				DEBUG_INFORMATION_FORMAT = "dwarf-with-dsym";
				ENABLE_NS_ASSERTIONS = NO;
				ENABLE_STRICT_OBJC_MSGSEND = YES;
				GCC_C_LANGUAGE_STANDARD = gnu11;
				GCC_NO_COMMON_BLOCKS = YES;
				GCC_WARN_64_TO_32_BIT_CONVERSION = YES;
				GCC_WARN_ABOUT_RETURN_TYPE = YES_ERROR;
				GCC_WARN_UNDECLARED_SELECTOR = YES;
				GCC_WARN_UNINITIALIZED_AUTOS = YES_AGGRESSIVE;
				GCC_WARN_UNUSED_FUNCTION = YES;
				GCC_WARN_UNUSED_VARIABLE = YES;
				IPHONEOS_DEPLOYMENT_TARGET = 11.3;
				MTL_ENABLE_DEBUG_INFO = NO;
				SDKROOT = iphoneos;
				SWIFT_COMPILATION_MODE = wholemodule;
				SWIFT_OPTIMIZATION_LEVEL = "-O";
				VALIDATE_PRODUCT = YES;
			};
			name = Release;
		};
		3FAA8AA520BC0FD2006443FA /* Debug */ = {
			isa = XCBuildConfiguration;
			buildSettings = {
				ASSETCATALOG_COMPILER_APPICON_NAME = AppIcon;
				CODE_SIGN_STYLE = Automatic;
				DEVELOPMENT_TEAM = DE2266XAH6;
				INFOPLIST_FILE = LifeApp/Info.plist;
				LD_RUNPATH_SEARCH_PATHS = (
					"$(inherited)",
					"@executable_path/Frameworks",
				);
				PRODUCT_BUNDLE_IDENTIFIER = lifeapp.dororo;
				PRODUCT_NAME = "$(TARGET_NAME)";
				SWIFT_VERSION = 4.0;
				TARGETED_DEVICE_FAMILY = "1,2";
			};
			name = Debug;
		};
		3FAA8AA620BC0FD2006443FA /* Release */ = {
			isa = XCBuildConfiguration;
			buildSettings = {
				ASSETCATALOG_COMPILER_APPICON_NAME = AppIcon;
				CODE_SIGN_STYLE = Automatic;
				DEVELOPMENT_TEAM = DE2266XAH6;
				INFOPLIST_FILE = LifeApp/Info.plist;
				LD_RUNPATH_SEARCH_PATHS = (
					"$(inherited)",
					"@executable_path/Frameworks",
				);
				PRODUCT_BUNDLE_IDENTIFIER = lifeapp.dororo;
				PRODUCT_NAME = "$(TARGET_NAME)";
				SWIFT_VERSION = 4.0;
				TARGETED_DEVICE_FAMILY = "1,2";
			};
			name = Release;
		};
/* End XCBuildConfiguration section */

/* Begin XCConfigurationList section */
		3FAA8A8B20BC0FD1006443FA /* Build configuration list for PBXProject "LifeApp" */ = {
			isa = XCConfigurationList;
			buildConfigurations = (
				3FAA8AA220BC0FD2006443FA /* Debug */,
				3FAA8AA320BC0FD2006443FA /* Release */,
			);
			defaultConfigurationIsVisible = 0;
			defaultConfigurationName = Release;
		};
		3FAA8AA420BC0FD2006443FA /* Build configuration list for PBXNativeTarget "LifeApp" */ = {
			isa = XCConfigurationList;
			buildConfigurations = (
				3FAA8AA520BC0FD2006443FA /* Debug */,
				3FAA8AA620BC0FD2006443FA /* Release */,
			);
			defaultConfigurationIsVisible = 0;
			defaultConfigurationName = Release;
		};
/* End XCConfigurationList section */
	};
	rootObject = 3FAA8A8820BC0FD1006443FA /* Project object */;
}
